<?xml version="1.0" encoding="utf-8"?>
<Project ToolsVersion="4.0" xmlns="http://schemas.microsoft.com/developer/msbuild/2003">
  <ItemGroup>
    <Filter Include="源文件">
      <UniqueIdentifier>{4FC737F1-C7A5-4376-A066-2A32D752A2FF}</UniqueIdentifier>
      <Extensions>cpp;c;cc;cxx;c++;cppm;ixx;def;odl;idl;hpj;bat;asm;asmx</Extensions>
    </Filter>
    <Filter Include="头文件">
      <UniqueIdentifier>{93995380-89BD-4b04-88EB-625FBE52EBFB}</UniqueIdentifier>
      <Extensions>h;hh;hpp;hxx;h++;hm;inl;inc;ipp;xsd</Extensions>
    </Filter>
    <Filter Include="资源文件">
      <UniqueIdentifier>{67DA6AB6-F800-4c08-8B7A-83BB121AAD01}</UniqueIdentifier>
      <Extensions>rc;ico;cur;bmp;dlg;rc2;rct;bin;rgs;gif;jpg;jpeg;jpe;resx;tiff;tif;png;wav;mfcribbon-ms</Extensions>
    </Filter>
    <Filter Include="源文件\Core">
      <UniqueIdentifier>{cfd837a1-b808-4d7b-ad9a-35733d07ce15}</UniqueIdentifier>
    </Filter>
    <Filter Include="源文件\Asset">
      <UniqueIdentifier>{c63143cf-50ec-4f37-8701-fceb1d8f7717}</UniqueIdentifier>
    </Filter>
    <Filter Include="源文件\Core\Base">
      <UniqueIdentifier>{5ee6e396-d357-4609-ac69-55c847bf8dc1}</UniqueIdentifier>
    </Filter>
    <Filter Include="源文件\ECS">
      <UniqueIdentifier>{1b770808-553b-457d-8f80-8479a20490c8}</UniqueIdentifier>
    </Filter>
    <Filter Include="源文件\Input">
      <UniqueIdentifier>{c75d33a8-c91e-4058-9436-8653f88a7998}</UniqueIdentifier>
    </Filter>
    <Filter Include="源文件\Renderer">
      <UniqueIdentifier>{76969f4a-0fdd-4a9a-b1de-af2f0911718e}</UniqueIdentifier>
    </Filter>
    <Filter Include="源文件\Utils">
      <UniqueIdentifier>{560b98ff-6919-4eee-9d37-dd9940187242}</UniqueIdentifier>
    </Filter>
    <Filter Include="源文件\Window">
      <UniqueIdentifier>{eb7d7b1e-cec9-4700-b71a-0f56e5446336}</UniqueIdentifier>
    </Filter>
    <Filter Include="源文件\ECS\Component">
      <UniqueIdentifier>{8dcd3e2f-7258-4d42-8a0f-83fbff069292}</UniqueIdentifier>
    </Filter>
    <Filter Include="源文件\Renderer\GraphicRenderer">
      <UniqueIdentifier>{8ce0027c-3df7-438b-bf7c-90e5691ffcda}</UniqueIdentifier>
    </Filter>
    <Filter Include="源文件\Window\UI">
      <UniqueIdentifier>{1f6b5331-aee6-4b8b-81bf-da0af17bbfee}</UniqueIdentifier>
    </Filter>
    <Filter Include="源文件\Core\Reflection">
      <UniqueIdentifier>{cf1a2215-280f-488e-9e1f-739559b6a1e3}</UniqueIdentifier>
    </Filter>
    <Filter Include="源文件\Core\Serializer">
      <UniqueIdentifier>{bac714be-4d75-40d5-b029-3587ced02aaf}</UniqueIdentifier>
    </Filter>
    <Filter Include="资源文件\Assets">
      <UniqueIdentifier>{fb817f1c-218b-4d0e-bcf1-d32e1df1873c}</UniqueIdentifier>
    </Filter>
    <Filter Include="资源文件\Assets\Models">
      <UniqueIdentifier>{972d4ff8-8140-4675-b47c-c9ed5b93b70b}</UniqueIdentifier>
    </Filter>
    <Filter Include="资源文件\Assets\Shaders">
      <UniqueIdentifier>{6797b3cd-5b9d-48ee-adad-988fc6304455}</UniqueIdentifier>
    </Filter>
    <Filter Include="资源文件\Assets\Textures">
      <UniqueIdentifier>{d8b838eb-8705-43c8-86ee-ba8a2dcb74cd}</UniqueIdentifier>
    </Filter>
    <Filter Include="源文件\VisualEffect">
      <UniqueIdentifier>{621d0bf3-4c62-40e8-b39f-fbf3e317ce70}</UniqueIdentifier>
    </Filter>
    <Filter Include="源文件\ECS\Objects">
      <UniqueIdentifier>{794cdf20-25a8-4a29-9703-226ca4412233}</UniqueIdentifier>
    </Filter>
    <Filter Include="资源文件\Assets\Shaders\PostProcesses">
      <UniqueIdentifier>{5814a216-2e04-47ff-a2e3-4b94370b8636}</UniqueIdentifier>
    </Filter>
    <Filter Include="源文件\Physics">
      <UniqueIdentifier>{cb6de989-83cb-4f79-8391-03ab67bea11b}</UniqueIdentifier>
    </Filter>
    <Filter Include="源文件\Test">
      <UniqueIdentifier>{7383f39e-05d9-4f0a-8f29-d2574b056269}</UniqueIdentifier>
    </Filter>
    <Filter Include="源文件\Physics\Test">
      <UniqueIdentifier>{b9750e0b-b87d-4bee-8bd6-f300b4a69380}</UniqueIdentifier>
    </Filter>
    <Filter Include="源文件\Physics\Utils">
      <UniqueIdentifier>{934dae39-b817-405b-ba0d-7fee29bf7d11}</UniqueIdentifier>
    </Filter>
    <Filter Include="源文件\Core\Math">
      <UniqueIdentifier>{2f877576-aaf4-490a-b9b3-7569b4827c9c}</UniqueIdentifier>
    </Filter>
    <Filter Include="资源文件\Assets\Scripts">
      <UniqueIdentifier>{1f7f7b9e-4a94-4f15-8602-7c4d3e0aae1e}</UniqueIdentifier>
    </Filter>
    <Filter Include="资源文件\Assets\Utils">
      <UniqueIdentifier>{3177c617-b8c5-452c-b722-15f7883d4f55}</UniqueIdentifier>
    </Filter>
    <Filter Include="源文件\Scripts">
      <UniqueIdentifier>{8e1232d0-18e4-4c9b-8e0c-c6fc5b03277f}</UniqueIdentifier>
    </Filter>
    <Filter Include="源文件\Renderer\AudioRenderer">
      <UniqueIdentifier>{08e559cb-119b-4788-a043-1e23dfd8b2e7}</UniqueIdentifier>
    </Filter>
    <Filter Include="源文件\Renderer\GraphicRenderer\glad">
      <UniqueIdentifier>{0cda2e32-4155-49c4-b536-ccba97403bf6}</UniqueIdentifier>
    </Filter>
    <Filter Include="源文件\Renderer\GraphicRenderer\stb_image">
      <UniqueIdentifier>{18775f3d-5def-4f28-b02f-b28c569a61aa}</UniqueIdentifier>
    </Filter>
    <Filter Include="源文件\Test\Projects">
      <UniqueIdentifier>{b268d086-1f21-4a11-a810-3b56082524a0}</UniqueIdentifier>
    </Filter>
    <Filter Include="头文件\imgui">
      <UniqueIdentifier>{565d2fcd-8bff-4770-847f-7e61ce7e95bf}</UniqueIdentifier>
    </Filter>
    <Filter Include="头文件\JoltPhysics">
      <UniqueIdentifier>{f9277a08-fee0-44e5-9c54-56b1e485a070}</UniqueIdentifier>
    </Filter>
    <Filter Include="头文件\ImGuizmo">
      <UniqueIdentifier>{505ebc1c-802a-48bb-801f-2e44b468f07d}</UniqueIdentifier>
    </Filter>
    <Filter Include="源文件\Renderer\GraphicRenderer\Utils">
      <UniqueIdentifier>{5d6e4a37-8a9d-459d-bbfe-8f0dae2d70e0}</UniqueIdentifier>
    </Filter>
    <Filter Include="源文件\ECS\Utils">
      <UniqueIdentifier>{4a43d92a-056c-4f65-928a-60e96d6ccef7}</UniqueIdentifier>
    </Filter>
    <Filter Include="源文件\Sandbox">
      <UniqueIdentifier>{41f564a1-0ac2-4709-b1cd-0234006449c6}</UniqueIdentifier>
    </Filter>
    <Filter Include="源文件\Spore">
      <UniqueIdentifier>{679f26b2-8f85-4097-a45e-ccd24d266ef4}</UniqueIdentifier>
    </Filter>
    <Filter Include="源文件\Spore\Utils">
      <UniqueIdentifier>{3bc1b5a8-fa1e-4b2e-92c5-8ab4a0a49792}</UniqueIdentifier>
    </Filter>
    <Filter Include="源文件\Sandbox\BrickOut">
      <UniqueIdentifier>{40be7ba4-36e0-4cb0-9ee4-ccad1f706eaa}</UniqueIdentifier>
    </Filter>
    <Filter Include="源文件\Input\Utils">
      <UniqueIdentifier>{d5697973-87ab-4939-a399-8cfd2d3a9932}</UniqueIdentifier>
    </Filter>
  </ItemGroup>
  <ItemGroup>
    <ClCompile Include="Runtime\ECS\Component.cpp">
      <Filter>源文件\ECS</Filter>
    </ClCompile>
    <ClCompile Include="Runtime\ECS\Object.cpp">
      <Filter>源文件\ECS</Filter>
    </ClCompile>
    <ClCompile Include="Runtime\ECS\Scene.cpp">
      <Filter>源文件\ECS</Filter>
    </ClCompile>
    <ClCompile Include="Runtime\ECS\Tick.cpp">
      <Filter>源文件\ECS</Filter>
    </ClCompile>
    <ClCompile Include="Runtime\ECS\Transform.cpp">
      <Filter>源文件\ECS</Filter>
    </ClCompile>
    <ClCompile Include="Runtime\Input\Keyboard.cpp">
      <Filter>源文件\Input</Filter>
    </ClCompile>
    <ClCompile Include="Runtime\Input\Mouse.cpp">
      <Filter>源文件\Input</Filter>
    </ClCompile>
    <ClCompile Include="Runtime\Renderer\GraphicRenderer\Camera.cpp">
      <Filter>源文件\Renderer\GraphicRenderer</Filter>
    </ClCompile>
    <ClCompile Include="Runtime\Renderer\GraphicRenderer\Mesh.cpp">
      <Filter>源文件\Renderer\GraphicRenderer</Filter>
    </ClCompile>
    <ClCompile Include="Runtime\Renderer\GraphicRenderer\Model.cpp">
      <Filter>源文件\Renderer\GraphicRenderer</Filter>
    </ClCompile>
    <ClCompile Include="Runtime\Renderer\GraphicRenderer\RenderPipeline.cpp">
      <Filter>源文件\Renderer\GraphicRenderer</Filter>
    </ClCompile>
    <ClCompile Include="Runtime\Renderer\GraphicRenderer\Shader.cpp">
      <Filter>源文件\Renderer\GraphicRenderer</Filter>
    </ClCompile>
    <ClCompile Include="Runtime\Renderer\GraphicRenderer\Texture.cpp">
      <Filter>源文件\Renderer\GraphicRenderer</Filter>
    </ClCompile>
    <ClCompile Include="Runtime\Window\UI\UI.cpp">
      <Filter>源文件\Window\UI</Filter>
    </ClCompile>
    <ClCompile Include="Runtime\Window\Window.cpp">
      <Filter>源文件\Window</Filter>
    </ClCompile>
    <ClCompile Include="Runtime\Asset\AssetsManager.cpp">
      <Filter>源文件\Asset</Filter>
    </ClCompile>
    <ClCompile Include="Runtime\Asset\Files.cpp">
      <Filter>源文件\Asset</Filter>
    </ClCompile>
    <ClCompile Include="Runtime\ECS\Component\TransformComponent.cpp">
      <Filter>源文件\ECS\Component</Filter>
    </ClCompile>
    <ClCompile Include="Runtime\Core\Reflection\Reflection.cpp">
      <Filter>源文件\Core\Reflection</Filter>
    </ClCompile>
    <ClCompile Include="Runtime\ECS\Component\ShaderComponent.cpp">
      <Filter>源文件\ECS\Component</Filter>
    </ClCompile>
    <ClCompile Include="Runtime\Renderer\GraphicRenderer\Grid.cpp">
      <Filter>源文件\Renderer\GraphicRenderer</Filter>
    </ClCompile>
    <ClCompile Include="Runtime\Renderer\GraphicRenderer\SkyBox.cpp">
      <Filter>源文件\Renderer\GraphicRenderer</Filter>
    </ClCompile>
    <ClCompile Include="Runtime\ECS\Light.cpp">
      <Filter>源文件\VisualEffect</Filter>
    </ClCompile>
    <ClCompile Include="Runtime\VisualEffect\PostProcess.cpp">
      <Filter>源文件\VisualEffect</Filter>
    </ClCompile>
    <ClCompile Include="Runtime\VisualEffect\PostProcesser.cpp">
      <Filter>源文件\VisualEffect</Filter>
    </ClCompile>
    <ClCompile Include="Runtime\ECS\Objects\ModelObject.cpp">
      <Filter>源文件\ECS\Objects</Filter>
    </ClCompile>
    <ClCompile Include="Runtime\Physics\PhysicsHelloWorld.cpp">
      <Filter>源文件\Physics</Filter>
    </ClCompile>
    <ClCompile Include="Runtime\Physics\PhysicSystem.cpp">
      <Filter>源文件\Physics</Filter>
    </ClCompile>
    <ClCompile Include="Runtime\Test\AddvantageRenderTest.cpp">
      <Filter>源文件\Test</Filter>
    </ClCompile>
    <ClCompile Include="Runtime\Test\BasicLightingTest.cpp">
      <Filter>源文件\Test</Filter>
    </ClCompile>
    <ClCompile Include="Runtime\Test\DeferredShaderingTest.cpp">
      <Filter>源文件\Test</Filter>
    </ClCompile>
    <ClCompile Include="Runtime\Test\DepthTest.cpp">
      <Filter>源文件\Test</Filter>
    </ClCompile>
    <ClCompile Include="Runtime\Test\FrameBufferTest.cpp">
      <Filter>源文件\Test</Filter>
    </ClCompile>
    <ClCompile Include="Runtime\Test\HDRTest.cpp">
      <Filter>源文件\Test</Filter>
    </ClCompile>
    <ClCompile Include="Runtime\Test\ImGuiTest.cpp">
      <Filter>源文件\Test</Filter>
    </ClCompile>
    <ClCompile Include="Runtime\Test\LightingTest.cpp">
      <Filter>源文件\Test</Filter>
    </ClCompile>
    <ClCompile Include="Runtime\Test\ModelTest.cpp">
      <Filter>源文件\Test</Filter>
    </ClCompile>
    <ClCompile Include="Runtime\Test\NamespaceTest.cpp">
      <Filter>源文件\Test</Filter>
    </ClCompile>
    <ClCompile Include="Runtime\Test\NormalMappingTest.cpp">
      <Filter>源文件\Test</Filter>
    </ClCompile>
    <ClCompile Include="Runtime\Test\ParallaxMappingTest.cpp">
      <Filter>源文件\Test</Filter>
    </ClCompile>
    <ClCompile Include="Runtime\Test\PbrTest.cpp">
      <Filter>源文件\Test</Filter>
    </ClCompile>
    <ClCompile Include="Runtime\Test\PointShadowTest.cpp">
      <Filter>源文件\Test</Filter>
    </ClCompile>
    <ClCompile Include="Runtime\Test\RendererDemo.cpp">
      <Filter>源文件\Test</Filter>
    </ClCompile>
    <ClCompile Include="Runtime\Test\ShadowTest.cpp">
      <Filter>源文件\Test</Filter>
    </ClCompile>
    <ClCompile Include="Runtime\Test\SSAOTest.cpp">
      <Filter>源文件\Test</Filter>
    </ClCompile>
    <ClCompile Include="Runtime\Test\StencilTest.cpp">
      <Filter>源文件\Test</Filter>
    </ClCompile>
    <ClCompile Include="Runtime\Physics\Test\PTSimpleTest.cpp">
      <Filter>源文件\Physics\Test</Filter>
    </ClCompile>
    <ClCompile Include="Runtime\Core\Math\SDKMath.cpp">
      <Filter>源文件\Core\Math</Filter>
    </ClCompile>
    <ClCompile Include="Runtime\Core\Math\Math.cpp">
      <Filter>源文件\Core\Math</Filter>
    </ClCompile>
    <ClCompile Include="Runtime\Physics\Test\PhysicsTest.cpp">
      <Filter>源文件\Physics\Test</Filter>
    </ClCompile>
    <ClCompile Include="Runtime\Physics\Utils\ContactListenerImpl.cpp">
      <Filter>源文件\Physics\Utils</Filter>
    </ClCompile>
    <ClCompile Include="Runtime\ECS\Component\PhysicsComponent.cpp">
      <Filter>源文件\ECS\Component</Filter>
    </ClCompile>
    <ClCompile Include="Runtime\Scripts\MonoTest.cpp">
      <Filter>源文件\Scripts</Filter>
    </ClCompile>
    <ClCompile Include="Runtime\Renderer\GraphicRenderer\glad\glad.c">
      <Filter>源文件\Renderer\GraphicRenderer\glad</Filter>
    </ClCompile>
    <ClCompile Include="Runtime\Renderer\GraphicRenderer\stb_image\stb_image.cpp">
      <Filter>源文件\Renderer\GraphicRenderer\stb_image</Filter>
    </ClCompile>
    <ClCompile Include="Runtime\Renderer\AudioRenderer\AudioSystem.cpp">
      <Filter>源文件\Renderer\AudioRenderer</Filter>
    </ClCompile>
    <ClCompile Include="Runtime\ECS\Component\AudioComponent.cpp">
      <Filter>源文件\ECS\Component</Filter>
    </ClCompile>
    <ClCompile Include="Runtime\Renderer\AudioRenderer\Audio.cpp">
      <Filter>源文件\Renderer\AudioRenderer</Filter>
    </ClCompile>
    <ClCompile Include="Runtime\Asset\FileExplorer.cpp">
      <Filter>源文件\Asset</Filter>
    </ClCompile>
    <ClCompile Include="Runtime\Core\Serializer\Serializer.cpp">
      <Filter>源文件\Core\Serializer</Filter>
    </ClCompile>
    <ClCompile Include="Runtime\Core\Serializer\JsonParser.cpp">
      <Filter>源文件\Core\Serializer</Filter>
    </ClCompile>
    <ClCompile Include="SDKs\imgui\imgui.cpp">
      <Filter>头文件\imgui</Filter>
    </ClCompile>
    <ClCompile Include="SDKs\imgui\imgui_demo.cpp">
      <Filter>头文件\imgui</Filter>
    </ClCompile>
    <ClCompile Include="SDKs\imgui\imgui_draw.cpp">
      <Filter>头文件\imgui</Filter>
    </ClCompile>
    <ClCompile Include="SDKs\imgui\imgui_tables.cpp">
      <Filter>头文件\imgui</Filter>
    </ClCompile>
    <ClCompile Include="SDKs\imgui\imgui_widgets.cpp">
      <Filter>头文件\imgui</Filter>
    </ClCompile>
    <ClCompile Include="SDKs\imgui\backends\imgui_impl_glfw.cpp">
      <Filter>头文件\imgui</Filter>
    </ClCompile>
    <ClCompile Include="SDKs\imgui\backends\imgui_impl_opengl3.cpp">
      <Filter>头文件\imgui</Filter>
    </ClCompile>
    <ClCompile Include="SDKs\JoltPhysics\Jolt\RegisterTypes.cpp">
      <Filter>头文件\JoltPhysics</Filter>
    </ClCompile>
    <ClCompile Include="SDKs\JoltPhysics\Jolt\AABBTree\AABBTreeBuilder.cpp">
      <Filter>头文件\JoltPhysics</Filter>
    </ClCompile>
    <ClCompile Include="SDKs\JoltPhysics\Jolt\Core\Color.cpp">
      <Filter>头文件\JoltPhysics</Filter>
    </ClCompile>
    <ClCompile Include="SDKs\JoltPhysics\Jolt\Core\Factory.cpp">
      <Filter>头文件\JoltPhysics</Filter>
    </ClCompile>
    <ClCompile Include="SDKs\JoltPhysics\Jolt\Core\IssueReporting.cpp">
      <Filter>头文件\JoltPhysics</Filter>
    </ClCompile>
    <ClCompile Include="SDKs\JoltPhysics\Jolt\Core\JobSystemSingleThreaded.cpp">
      <Filter>头文件\JoltPhysics</Filter>
    </ClCompile>
    <ClCompile Include="SDKs\JoltPhysics\Jolt\Core\JobSystemThreadPool.cpp">
      <Filter>头文件\JoltPhysics</Filter>
    </ClCompile>
    <ClCompile Include="SDKs\JoltPhysics\Jolt\Core\JobSystemWithBarrier.cpp">
      <Filter>头文件\JoltPhysics</Filter>
    </ClCompile>
    <ClCompile Include="SDKs\JoltPhysics\Jolt\Core\LinearCurve.cpp">
      <Filter>头文件\JoltPhysics</Filter>
    </ClCompile>
    <ClCompile Include="SDKs\JoltPhysics\Jolt\Core\Memory.cpp">
      <Filter>头文件\JoltPhysics</Filter>
    </ClCompile>
    <ClCompile Include="SDKs\JoltPhysics\Jolt\Core\Profiler.cpp">
      <Filter>头文件\JoltPhysics</Filter>
    </ClCompile>
    <ClCompile Include="SDKs\JoltPhysics\Jolt\Core\RTTI.cpp">
      <Filter>头文件\JoltPhysics</Filter>
    </ClCompile>
    <ClCompile Include="SDKs\JoltPhysics\Jolt\Core\Semaphore.cpp">
      <Filter>头文件\JoltPhysics</Filter>
    </ClCompile>
    <ClCompile Include="SDKs\JoltPhysics\Jolt\Core\StringTools.cpp">
      <Filter>头文件\JoltPhysics</Filter>
    </ClCompile>
    <ClCompile Include="SDKs\JoltPhysics\Jolt\Core\TickCounter.cpp">
      <Filter>头文件\JoltPhysics</Filter>
    </ClCompile>
    <ClCompile Include="SDKs\JoltPhysics\Jolt\Geometry\ConvexHullBuilder.cpp">
      <Filter>头文件\JoltPhysics</Filter>
    </ClCompile>
    <ClCompile Include="SDKs\JoltPhysics\Jolt\Geometry\ConvexHullBuilder2D.cpp">
      <Filter>头文件\JoltPhysics</Filter>
    </ClCompile>
    <ClCompile Include="SDKs\JoltPhysics\Jolt\Geometry\Indexify.cpp">
      <Filter>头文件\JoltPhysics</Filter>
    </ClCompile>
    <ClCompile Include="SDKs\JoltPhysics\Jolt\Geometry\OrientedBox.cpp">
      <Filter>头文件\JoltPhysics</Filter>
    </ClCompile>
    <ClCompile Include="SDKs\JoltPhysics\Jolt\Math\Vec3.cpp">
      <Filter>头文件\JoltPhysics</Filter>
    </ClCompile>
    <ClCompile Include="SDKs\JoltPhysics\Jolt\ObjectStream\ObjectStream.cpp">
      <Filter>头文件\JoltPhysics</Filter>
    </ClCompile>
    <ClCompile Include="SDKs\JoltPhysics\Jolt\ObjectStream\ObjectStreamBinaryIn.cpp">
      <Filter>头文件\JoltPhysics</Filter>
    </ClCompile>
    <ClCompile Include="SDKs\JoltPhysics\Jolt\ObjectStream\ObjectStreamBinaryOut.cpp">
      <Filter>头文件\JoltPhysics</Filter>
    </ClCompile>
    <ClCompile Include="SDKs\JoltPhysics\Jolt\ObjectStream\ObjectStreamIn.cpp">
      <Filter>头文件\JoltPhysics</Filter>
    </ClCompile>
    <ClCompile Include="SDKs\JoltPhysics\Jolt\ObjectStream\ObjectStreamOut.cpp">
      <Filter>头文件\JoltPhysics</Filter>
    </ClCompile>
    <ClCompile Include="SDKs\JoltPhysics\Jolt\ObjectStream\ObjectStreamTextIn.cpp">
      <Filter>头文件\JoltPhysics</Filter>
    </ClCompile>
    <ClCompile Include="SDKs\JoltPhysics\Jolt\ObjectStream\ObjectStreamTextOut.cpp">
      <Filter>头文件\JoltPhysics</Filter>
    </ClCompile>
    <ClCompile Include="SDKs\JoltPhysics\Jolt\ObjectStream\SerializableObject.cpp">
      <Filter>头文件\JoltPhysics</Filter>
    </ClCompile>
    <ClCompile Include="SDKs\JoltPhysics\Jolt\ObjectStream\TypeDeclarations.cpp">
      <Filter>头文件\JoltPhysics</Filter>
    </ClCompile>
    <ClCompile Include="SDKs\JoltPhysics\Jolt\Physics\Body\Body.cpp">
      <Filter>头文件\JoltPhysics</Filter>
    </ClCompile>
    <ClCompile Include="SDKs\JoltPhysics\Jolt\Physics\Body\BodyAccess.cpp">
      <Filter>头文件\JoltPhysics</Filter>
    </ClCompile>
    <ClCompile Include="SDKs\JoltPhysics\Jolt\Physics\Body\BodyCreationSettings.cpp">
      <Filter>头文件\JoltPhysics</Filter>
    </ClCompile>
    <ClCompile Include="SDKs\JoltPhysics\Jolt\Physics\Body\BodyInterface.cpp">
      <Filter>头文件\JoltPhysics</Filter>
    </ClCompile>
    <ClCompile Include="SDKs\JoltPhysics\Jolt\Physics\Body\BodyManager.cpp">
      <Filter>头文件\JoltPhysics</Filter>
    </ClCompile>
    <ClCompile Include="SDKs\JoltPhysics\Jolt\Physics\Body\MassProperties.cpp">
      <Filter>头文件\JoltPhysics</Filter>
    </ClCompile>
    <ClCompile Include="SDKs\JoltPhysics\Jolt\Physics\Body\MotionProperties.cpp">
      <Filter>头文件\JoltPhysics</Filter>
    </ClCompile>
    <ClCompile Include="SDKs\JoltPhysics\Jolt\Physics\Character\Character.cpp">
      <Filter>头文件\JoltPhysics</Filter>
    </ClCompile>
    <ClCompile Include="SDKs\JoltPhysics\Jolt\Physics\Character\CharacterBase.cpp">
      <Filter>头文件\JoltPhysics</Filter>
    </ClCompile>
    <ClCompile Include="SDKs\JoltPhysics\Jolt\Physics\Character\CharacterVirtual.cpp">
      <Filter>头文件\JoltPhysics</Filter>
    </ClCompile>
    <ClCompile Include="SDKs\JoltPhysics\Jolt\Physics\Collision\BroadPhase\BroadPhase.cpp">
      <Filter>头文件\JoltPhysics</Filter>
    </ClCompile>
    <ClCompile Include="SDKs\JoltPhysics\Jolt\Physics\Collision\BroadPhase\BroadPhaseBruteForce.cpp">
      <Filter>头文件\JoltPhysics</Filter>
    </ClCompile>
    <ClCompile Include="SDKs\JoltPhysics\Jolt\Physics\Collision\BroadPhase\BroadPhaseQuadTree.cpp">
      <Filter>头文件\JoltPhysics</Filter>
    </ClCompile>
    <ClCompile Include="SDKs\JoltPhysics\Jolt\Physics\Collision\BroadPhase\QuadTree.cpp">
      <Filter>头文件\JoltPhysics</Filter>
    </ClCompile>
    <ClCompile Include="SDKs\JoltPhysics\Jolt\Physics\Collision\CastConvexVsTriangles.cpp">
      <Filter>头文件\JoltPhysics</Filter>
    </ClCompile>
    <ClCompile Include="SDKs\JoltPhysics\Jolt\Physics\Collision\CastSphereVsTriangles.cpp">
      <Filter>头文件\JoltPhysics</Filter>
    </ClCompile>
    <ClCompile Include="SDKs\JoltPhysics\Jolt\Physics\Collision\CollideConvexVsTriangles.cpp">
      <Filter>头文件\JoltPhysics</Filter>
    </ClCompile>
    <ClCompile Include="SDKs\JoltPhysics\Jolt\Physics\Collision\CollideSphereVsTriangles.cpp">
      <Filter>头文件\JoltPhysics</Filter>
    </ClCompile>
    <ClCompile Include="SDKs\JoltPhysics\Jolt\Physics\Collision\CollisionDispatch.cpp">
      <Filter>头文件\JoltPhysics</Filter>
    </ClCompile>
    <ClCompile Include="SDKs\JoltPhysics\Jolt\Physics\Collision\CollisionGroup.cpp">
      <Filter>头文件\JoltPhysics</Filter>
    </ClCompile>
    <ClCompile Include="SDKs\JoltPhysics\Jolt\Physics\Collision\EstimateCollisionResponse.cpp">
      <Filter>头文件\JoltPhysics</Filter>
    </ClCompile>
    <ClCompile Include="SDKs\JoltPhysics\Jolt\Physics\Collision\GroupFilter.cpp">
      <Filter>头文件\JoltPhysics</Filter>
    </ClCompile>
    <ClCompile Include="SDKs\JoltPhysics\Jolt\Physics\Collision\GroupFilterTable.cpp">
      <Filter>头文件\JoltPhysics</Filter>
    </ClCompile>
    <ClCompile Include="SDKs\JoltPhysics\Jolt\Physics\Collision\ManifoldBetweenTwoFaces.cpp">
      <Filter>头文件\JoltPhysics</Filter>
    </ClCompile>
    <ClCompile Include="SDKs\JoltPhysics\Jolt\Physics\Collision\NarrowPhaseQuery.cpp">
      <Filter>头文件\JoltPhysics</Filter>
    </ClCompile>
    <ClCompile Include="SDKs\JoltPhysics\Jolt\Physics\Collision\NarrowPhaseStats.cpp">
      <Filter>头文件\JoltPhysics</Filter>
    </ClCompile>
    <ClCompile Include="SDKs\JoltPhysics\Jolt\Physics\Collision\PhysicsMaterial.cpp">
      <Filter>头文件\JoltPhysics</Filter>
    </ClCompile>
    <ClCompile Include="SDKs\JoltPhysics\Jolt\Physics\Collision\PhysicsMaterialSimple.cpp">
      <Filter>头文件\JoltPhysics</Filter>
    </ClCompile>
    <ClCompile Include="SDKs\JoltPhysics\Jolt\Physics\Collision\Shape\BoxShape.cpp">
      <Filter>头文件\JoltPhysics</Filter>
    </ClCompile>
    <ClCompile Include="SDKs\JoltPhysics\Jolt\Physics\Collision\Shape\CapsuleShape.cpp">
      <Filter>头文件\JoltPhysics</Filter>
    </ClCompile>
    <ClCompile Include="SDKs\JoltPhysics\Jolt\Physics\Collision\Shape\CompoundShape.cpp">
      <Filter>头文件\JoltPhysics</Filter>
    </ClCompile>
    <ClCompile Include="SDKs\JoltPhysics\Jolt\Physics\Collision\Shape\ConvexHullShape.cpp">
      <Filter>头文件\JoltPhysics</Filter>
    </ClCompile>
    <ClCompile Include="SDKs\JoltPhysics\Jolt\Physics\Collision\Shape\ConvexShape.cpp">
      <Filter>头文件\JoltPhysics</Filter>
    </ClCompile>
    <ClCompile Include="SDKs\JoltPhysics\Jolt\Physics\Collision\Shape\CylinderShape.cpp">
      <Filter>头文件\JoltPhysics</Filter>
    </ClCompile>
    <ClCompile Include="SDKs\JoltPhysics\Jolt\Physics\Collision\Shape\DecoratedShape.cpp">
      <Filter>头文件\JoltPhysics</Filter>
    </ClCompile>
    <ClCompile Include="SDKs\JoltPhysics\Jolt\Physics\Collision\Shape\HeightFieldShape.cpp">
      <Filter>头文件\JoltPhysics</Filter>
    </ClCompile>
    <ClCompile Include="SDKs\JoltPhysics\Jolt\Physics\Collision\Shape\MeshShape.cpp">
      <Filter>头文件\JoltPhysics</Filter>
    </ClCompile>
    <ClCompile Include="SDKs\JoltPhysics\Jolt\Physics\Collision\Shape\MutableCompoundShape.cpp">
      <Filter>头文件\JoltPhysics</Filter>
    </ClCompile>
    <ClCompile Include="SDKs\JoltPhysics\Jolt\Physics\Collision\Shape\OffsetCenterOfMassShape.cpp">
      <Filter>头文件\JoltPhysics</Filter>
    </ClCompile>
    <ClCompile Include="SDKs\JoltPhysics\Jolt\Physics\Collision\Shape\RotatedTranslatedShape.cpp">
      <Filter>头文件\JoltPhysics</Filter>
    </ClCompile>
    <ClCompile Include="SDKs\JoltPhysics\Jolt\Physics\Collision\Shape\ScaledShape.cpp">
      <Filter>头文件\JoltPhysics</Filter>
    </ClCompile>
    <ClCompile Include="SDKs\JoltPhysics\Jolt\Physics\Collision\Shape\Shape.cpp">
      <Filter>头文件\JoltPhysics</Filter>
    </ClCompile>
    <ClCompile Include="SDKs\JoltPhysics\Jolt\Physics\Collision\Shape\SphereShape.cpp">
      <Filter>头文件\JoltPhysics</Filter>
    </ClCompile>
    <ClCompile Include="SDKs\JoltPhysics\Jolt\Physics\Collision\Shape\StaticCompoundShape.cpp">
      <Filter>头文件\JoltPhysics</Filter>
    </ClCompile>
    <ClCompile Include="SDKs\JoltPhysics\Jolt\Physics\Collision\Shape\TaperedCapsuleShape.cpp">
      <Filter>头文件\JoltPhysics</Filter>
    </ClCompile>
    <ClCompile Include="SDKs\JoltPhysics\Jolt\Physics\Collision\Shape\TriangleShape.cpp">
      <Filter>头文件\JoltPhysics</Filter>
    </ClCompile>
    <ClCompile Include="SDKs\JoltPhysics\Jolt\Physics\Collision\TransformedShape.cpp">
      <Filter>头文件\JoltPhysics</Filter>
    </ClCompile>
    <ClCompile Include="SDKs\JoltPhysics\Jolt\Physics\Constraints\ConeConstraint.cpp">
      <Filter>头文件\JoltPhysics</Filter>
    </ClCompile>
    <ClCompile Include="SDKs\JoltPhysics\Jolt\Physics\Constraints\Constraint.cpp">
      <Filter>头文件\JoltPhysics</Filter>
    </ClCompile>
    <ClCompile Include="SDKs\JoltPhysics\Jolt\Physics\Constraints\ConstraintManager.cpp">
      <Filter>头文件\JoltPhysics</Filter>
    </ClCompile>
    <ClCompile Include="SDKs\JoltPhysics\Jolt\Physics\Constraints\ContactConstraintManager.cpp">
      <Filter>头文件\JoltPhysics</Filter>
    </ClCompile>
    <ClCompile Include="SDKs\JoltPhysics\Jolt\Physics\Constraints\DistanceConstraint.cpp">
      <Filter>头文件\JoltPhysics</Filter>
    </ClCompile>
    <ClCompile Include="SDKs\JoltPhysics\Jolt\Physics\Constraints\FixedConstraint.cpp">
      <Filter>头文件\JoltPhysics</Filter>
    </ClCompile>
    <ClCompile Include="SDKs\JoltPhysics\Jolt\Physics\Constraints\GearConstraint.cpp">
      <Filter>头文件\JoltPhysics</Filter>
    </ClCompile>
    <ClCompile Include="SDKs\JoltPhysics\Jolt\Physics\Constraints\HingeConstraint.cpp">
      <Filter>头文件\JoltPhysics</Filter>
    </ClCompile>
    <ClCompile Include="SDKs\JoltPhysics\Jolt\Physics\Constraints\MotorSettings.cpp">
      <Filter>头文件\JoltPhysics</Filter>
    </ClCompile>
    <ClCompile Include="SDKs\JoltPhysics\Jolt\Physics\Constraints\PathConstraint.cpp">
      <Filter>头文件\JoltPhysics</Filter>
    </ClCompile>
    <ClCompile Include="SDKs\JoltPhysics\Jolt\Physics\Constraints\PathConstraintPath.cpp">
      <Filter>头文件\JoltPhysics</Filter>
    </ClCompile>
    <ClCompile Include="SDKs\JoltPhysics\Jolt\Physics\Constraints\PathConstraintPathHermite.cpp">
      <Filter>头文件\JoltPhysics</Filter>
    </ClCompile>
    <ClCompile Include="SDKs\JoltPhysics\Jolt\Physics\Constraints\PointConstraint.cpp">
      <Filter>头文件\JoltPhysics</Filter>
    </ClCompile>
    <ClCompile Include="SDKs\JoltPhysics\Jolt\Physics\Constraints\PulleyConstraint.cpp">
      <Filter>头文件\JoltPhysics</Filter>
    </ClCompile>
    <ClCompile Include="SDKs\JoltPhysics\Jolt\Physics\Constraints\RackAndPinionConstraint.cpp">
      <Filter>头文件\JoltPhysics</Filter>
    </ClCompile>
    <ClCompile Include="SDKs\JoltPhysics\Jolt\Physics\Constraints\SixDOFConstraint.cpp">
      <Filter>头文件\JoltPhysics</Filter>
    </ClCompile>
    <ClCompile Include="SDKs\JoltPhysics\Jolt\Physics\Constraints\SliderConstraint.cpp">
      <Filter>头文件\JoltPhysics</Filter>
    </ClCompile>
    <ClCompile Include="SDKs\JoltPhysics\Jolt\Physics\Constraints\SpringSettings.cpp">
      <Filter>头文件\JoltPhysics</Filter>
    </ClCompile>
    <ClCompile Include="SDKs\JoltPhysics\Jolt\Physics\Constraints\SwingTwistConstraint.cpp">
      <Filter>头文件\JoltPhysics</Filter>
    </ClCompile>
    <ClCompile Include="SDKs\JoltPhysics\Jolt\Physics\Constraints\TwoBodyConstraint.cpp">
      <Filter>头文件\JoltPhysics</Filter>
    </ClCompile>
    <ClCompile Include="SDKs\JoltPhysics\Jolt\Physics\DeterminismLog.cpp">
      <Filter>头文件\JoltPhysics</Filter>
    </ClCompile>
    <ClCompile Include="SDKs\JoltPhysics\Jolt\Physics\IslandBuilder.cpp">
      <Filter>头文件\JoltPhysics</Filter>
    </ClCompile>
    <ClCompile Include="SDKs\JoltPhysics\Jolt\Physics\LargeIslandSplitter.cpp">
      <Filter>头文件\JoltPhysics</Filter>
    </ClCompile>
    <ClCompile Include="SDKs\JoltPhysics\Jolt\Physics\PhysicsLock.cpp">
      <Filter>头文件\JoltPhysics</Filter>
    </ClCompile>
    <ClCompile Include="SDKs\JoltPhysics\Jolt\Physics\PhysicsScene.cpp">
      <Filter>头文件\JoltPhysics</Filter>
    </ClCompile>
    <ClCompile Include="SDKs\JoltPhysics\Jolt\Physics\PhysicsSystem.cpp">
      <Filter>头文件\JoltPhysics</Filter>
    </ClCompile>
    <ClCompile Include="SDKs\JoltPhysics\Jolt\Physics\PhysicsUpdateContext.cpp">
      <Filter>头文件\JoltPhysics</Filter>
    </ClCompile>
    <ClCompile Include="SDKs\JoltPhysics\Jolt\Physics\Ragdoll\Ragdoll.cpp">
      <Filter>头文件\JoltPhysics</Filter>
    </ClCompile>
    <ClCompile Include="SDKs\JoltPhysics\Jolt\Physics\SoftBody\SoftBodyCreationSettings.cpp">
      <Filter>头文件\JoltPhysics</Filter>
    </ClCompile>
    <ClCompile Include="SDKs\JoltPhysics\Jolt\Physics\SoftBody\SoftBodyMotionProperties.cpp">
      <Filter>头文件\JoltPhysics</Filter>
    </ClCompile>
    <ClCompile Include="SDKs\JoltPhysics\Jolt\Physics\SoftBody\SoftBodyShape.cpp">
      <Filter>头文件\JoltPhysics</Filter>
    </ClCompile>
    <ClCompile Include="SDKs\JoltPhysics\Jolt\Physics\SoftBody\SoftBodySharedSettings.cpp">
      <Filter>头文件\JoltPhysics</Filter>
    </ClCompile>
    <ClCompile Include="SDKs\JoltPhysics\Jolt\Physics\StateRecorderImpl.cpp">
      <Filter>头文件\JoltPhysics</Filter>
    </ClCompile>
    <ClCompile Include="SDKs\JoltPhysics\Jolt\Physics\Vehicle\MotorcycleController.cpp">
      <Filter>头文件\JoltPhysics</Filter>
    </ClCompile>
    <ClCompile Include="SDKs\JoltPhysics\Jolt\Physics\Vehicle\TrackedVehicleController.cpp">
      <Filter>头文件\JoltPhysics</Filter>
    </ClCompile>
    <ClCompile Include="SDKs\JoltPhysics\Jolt\Physics\Vehicle\VehicleAntiRollBar.cpp">
      <Filter>头文件\JoltPhysics</Filter>
    </ClCompile>
    <ClCompile Include="SDKs\JoltPhysics\Jolt\Physics\Vehicle\VehicleCollisionTester.cpp">
      <Filter>头文件\JoltPhysics</Filter>
    </ClCompile>
    <ClCompile Include="SDKs\JoltPhysics\Jolt\Physics\Vehicle\VehicleConstraint.cpp">
      <Filter>头文件\JoltPhysics</Filter>
    </ClCompile>
    <ClCompile Include="SDKs\JoltPhysics\Jolt\Physics\Vehicle\VehicleController.cpp">
      <Filter>头文件\JoltPhysics</Filter>
    </ClCompile>
    <ClCompile Include="SDKs\JoltPhysics\Jolt\Physics\Vehicle\VehicleDifferential.cpp">
      <Filter>头文件\JoltPhysics</Filter>
    </ClCompile>
    <ClCompile Include="SDKs\JoltPhysics\Jolt\Physics\Vehicle\VehicleEngine.cpp">
      <Filter>头文件\JoltPhysics</Filter>
    </ClCompile>
    <ClCompile Include="SDKs\JoltPhysics\Jolt\Physics\Vehicle\VehicleTrack.cpp">
      <Filter>头文件\JoltPhysics</Filter>
    </ClCompile>
    <ClCompile Include="SDKs\JoltPhysics\Jolt\Physics\Vehicle\VehicleTransmission.cpp">
      <Filter>头文件\JoltPhysics</Filter>
    </ClCompile>
    <ClCompile Include="SDKs\JoltPhysics\Jolt\Physics\Vehicle\Wheel.cpp">
      <Filter>头文件\JoltPhysics</Filter>
    </ClCompile>
    <ClCompile Include="SDKs\JoltPhysics\Jolt\Physics\Vehicle\WheeledVehicleController.cpp">
      <Filter>头文件\JoltPhysics</Filter>
    </ClCompile>
    <ClCompile Include="SDKs\JoltPhysics\Jolt\Renderer\DebugRenderer.cpp">
      <Filter>头文件\JoltPhysics</Filter>
    </ClCompile>
    <ClCompile Include="SDKs\JoltPhysics\Jolt\Renderer\DebugRendererPlayback.cpp">
      <Filter>头文件\JoltPhysics</Filter>
    </ClCompile>
    <ClCompile Include="SDKs\JoltPhysics\Jolt\Renderer\DebugRendererRecorder.cpp">
      <Filter>头文件\JoltPhysics</Filter>
    </ClCompile>
    <ClCompile Include="SDKs\JoltPhysics\Jolt\Renderer\DebugRendererSimple.cpp">
      <Filter>头文件\JoltPhysics</Filter>
    </ClCompile>
    <ClCompile Include="SDKs\JoltPhysics\Jolt\Skeleton\SkeletalAnimation.cpp">
      <Filter>头文件\JoltPhysics</Filter>
    </ClCompile>
    <ClCompile Include="SDKs\JoltPhysics\Jolt\Skeleton\Skeleton.cpp">
      <Filter>头文件\JoltPhysics</Filter>
    </ClCompile>
    <ClCompile Include="SDKs\JoltPhysics\Jolt\Skeleton\SkeletonMapper.cpp">
      <Filter>头文件\JoltPhysics</Filter>
    </ClCompile>
    <ClCompile Include="SDKs\JoltPhysics\Jolt\Skeleton\SkeletonPose.cpp">
      <Filter>头文件\JoltPhysics</Filter>
    </ClCompile>
    <ClCompile Include="SDKs\JoltPhysics\Jolt\TriangleGrouper\TriangleGrouperClosestCentroid.cpp">
      <Filter>头文件\JoltPhysics</Filter>
    </ClCompile>
    <ClCompile Include="SDKs\JoltPhysics\Jolt\TriangleGrouper\TriangleGrouperMorton.cpp">
      <Filter>头文件\JoltPhysics</Filter>
    </ClCompile>
    <ClCompile Include="SDKs\JoltPhysics\Jolt\TriangleSplitter\TriangleSplitter.cpp">
      <Filter>头文件\JoltPhysics</Filter>
    </ClCompile>
    <ClCompile Include="SDKs\JoltPhysics\Jolt\TriangleSplitter\TriangleSplitterBinning.cpp">
      <Filter>头文件\JoltPhysics</Filter>
    </ClCompile>
    <ClCompile Include="SDKs\JoltPhysics\Jolt\TriangleSplitter\TriangleSplitterFixedLeafSize.cpp">
      <Filter>头文件\JoltPhysics</Filter>
    </ClCompile>
    <ClCompile Include="SDKs\JoltPhysics\Jolt\TriangleSplitter\TriangleSplitterLongestAxis.cpp">
      <Filter>头文件\JoltPhysics</Filter>
    </ClCompile>
    <ClCompile Include="SDKs\JoltPhysics\Jolt\TriangleSplitter\TriangleSplitterMean.cpp">
      <Filter>头文件\JoltPhysics</Filter>
    </ClCompile>
    <ClCompile Include="SDKs\JoltPhysics\Jolt\TriangleSplitter\TriangleSplitterMorton.cpp">
      <Filter>头文件\JoltPhysics</Filter>
    </ClCompile>
    <ClCompile Include="SDKs\ImGuizmo\GraphEditor.cpp">
      <Filter>头文件\ImGuizmo</Filter>
    </ClCompile>
    <ClCompile Include="SDKs\ImGuizmo\ImCurveEdit.cpp">
      <Filter>头文件\ImGuizmo</Filter>
    </ClCompile>
    <ClCompile Include="SDKs\ImGuizmo\ImGradient.cpp">
      <Filter>头文件\ImGuizmo</Filter>
    </ClCompile>
    <ClCompile Include="SDKs\ImGuizmo\ImGuizmo.cpp">
      <Filter>头文件\ImGuizmo</Filter>
    </ClCompile>
    <ClCompile Include="SDKs\ImGuizmo\ImSequencer.cpp">
      <Filter>头文件\ImGuizmo</Filter>
    </ClCompile>
    <ClCompile Include="Runtime\Utils\Gizmos.cpp">
      <Filter>源文件\Utils</Filter>
    </ClCompile>
    <ClCompile Include="Runtime\Renderer\GraphicRenderer\Utils\ModelObserver.cpp">
      <Filter>源文件\Renderer\GraphicRenderer\Utils</Filter>
    </ClCompile>
    <ClCompile Include="Runtime\ECS\Utils\ObjectObserver.cpp">
      <Filter>源文件\ECS\Utils</Filter>
    </ClCompile>
    <ClCompile Include="Runtime\Spore\Spore.cpp">
      <Filter>源文件\Spore</Filter>
    </ClCompile>
    <ClCompile Include="Runtime\Spore\Utils\GraphicRenderer.cpp">
      <Filter>源文件\Spore\Utils</Filter>
    </ClCompile>
    <ClCompile Include="Runtime\Spore\Utils\AudioRenderer.cpp">
      <Filter>源文件\Spore\Utils</Filter>
    </ClCompile>
    <ClCompile Include="Runtime\ECS\Component\LightComponent.cpp">
      <Filter>源文件\ECS\Component</Filter>
    </ClCompile>
    <ClCompile Include="Runtime\Core\Base\Global.cpp">
      <Filter>源文件\Core\Base</Filter>
    </ClCompile>
    <ClCompile Include="Runtime\ECS\Component\ModelComponent.cpp">
      <Filter>源文件\ECS\Component</Filter>
    </ClCompile>
    <ClCompile Include="Runtime\Core\Serializer\JsonValue.cpp">
      <Filter>源文件\Core\Serializer</Filter>
    </ClCompile>
    <ClCompile Include="Runtime\Renderer\GraphicRenderer\Utils\BasicModelsRegister.cpp">
      <Filter>源文件\Renderer\GraphicRenderer\Utils</Filter>
    </ClCompile>
    <ClCompile Include="Runtime\Renderer\GraphicRenderer\Utils\BasicShadersRegister.cpp">
      <Filter>源文件\Renderer\GraphicRenderer\Utils</Filter>
    </ClCompile>
    <ClCompile Include="Runtime\Spore\Entrance.cpp">
      <Filter>源文件\Spore</Filter>
    </ClCompile>
    <ClCompile Include="Runtime\Sandbox\BKShader.cpp">
      <Filter>源文件\Sandbox</Filter>
    </ClCompile>
    <ClCompile Include="Runtime\Sandbox\BKTexture.cpp">
      <Filter>源文件\Sandbox</Filter>
    </ClCompile>
    <ClCompile Include="Runtime\Sandbox\BKGame.cpp">
      <Filter>源文件\Sandbox</Filter>
    </ClCompile>
    <ClCompile Include="Runtime\Sandbox\BKResourceManager.cpp">
      <Filter>源文件\Sandbox</Filter>
    </ClCompile>
    <ClCompile Include="Runtime\Sandbox\BKMain.cpp">
      <Filter>源文件\Sandbox</Filter>
    </ClCompile>
    <ClCompile Include="Runtime\Sandbox\BKSpriteRenderer.cpp">
      <Filter>源文件\Sandbox</Filter>
    </ClCompile>
    <ClCompile Include="Runtime\Sandbox\BKGameObject.cpp">
      <Filter>源文件\Sandbox</Filter>
    </ClCompile>
    <ClCompile Include="Runtime\Sandbox\BKGameLevel.cpp">
      <Filter>源文件\Sandbox</Filter>
    </ClCompile>
    <ClCompile Include="Runtime\Sandbox\BKBallObject.cpp">
      <Filter>源文件\Sandbox</Filter>
    </ClCompile>
    <ClCompile Include="Runtime\Sandbox\BrickOut\BrickOutGame.cpp">
      <Filter>源文件\Sandbox\BrickOut</Filter>
    </ClCompile>
    <ClCompile Include="Runtime\Sandbox\BrickOut\BrickOutTexture.cpp">
      <Filter>源文件\Sandbox\BrickOut</Filter>
    </ClCompile>
    <ClCompile Include="Runtime\ECS\Component\CameraComponent.cpp">
      <Filter>源文件\ECS\Component</Filter>
    </ClCompile>
    <ClCompile Include="Runtime\ECS\Component\CharacterControllerComponent.cpp">
      <Filter>源文件\ECS\Component</Filter>
    </ClCompile>
    <ClCompile Include="Runtime\Renderer\GraphicRenderer\Utils\BasicTexturesRegister.cpp">
      <Filter>源文件\Renderer\GraphicRenderer\Utils</Filter>
    </ClCompile>
    <ClCompile Include="Runtime\Utils\ConsoleLogger.cpp">
      <Filter>源文件\Utils</Filter>
    </ClCompile>
    <ClCompile Include="Runtime\Scripts\ScriptEngine.cpp">
      <Filter>源文件\Scripts</Filter>
    </ClCompile>
  </ItemGroup>
  <ItemGroup>
    <ClInclude Include="Runtime\Core\Base\Types.hpp">
      <Filter>源文件\Core\Base</Filter>
    </ClInclude>
    <ClInclude Include="Runtime\ECS\Component\TransformComponent.hpp">
      <Filter>源文件\ECS\Component</Filter>
    </ClInclude>
    <ClInclude Include="Runtime\ECS\Component.hpp">
      <Filter>源文件\ECS</Filter>
    </ClInclude>
    <ClInclude Include="Runtime\ECS\Object.hpp">
      <Filter>源文件\ECS</Filter>
    </ClInclude>
    <ClInclude Include="Runtime\ECS\Scene.hpp">
      <Filter>源文件\ECS</Filter>
    </ClInclude>
    <ClInclude Include="Runtime\ECS\Tick.hpp">
      <Filter>源文件\ECS</Filter>
    </ClInclude>
    <ClInclude Include="Runtime\ECS\Transform.hpp">
      <Filter>源文件\ECS</Filter>
    </ClInclude>
    <ClInclude Include="Runtime\Input\Keyboard.hpp">
      <Filter>源文件\Input</Filter>
    </ClInclude>
    <ClInclude Include="Runtime\Input\Mouse.hpp">
      <Filter>源文件\Input</Filter>
    </ClInclude>
    <ClInclude Include="Runtime\Renderer\GraphicRenderer\Camera.hpp">
      <Filter>源文件\Renderer\GraphicRenderer</Filter>
    </ClInclude>
    <ClInclude Include="Runtime\Renderer\GraphicRenderer\Mesh.hpp">
      <Filter>源文件\Renderer\GraphicRenderer</Filter>
    </ClInclude>
    <ClInclude Include="Runtime\Renderer\GraphicRenderer\Model.hpp">
      <Filter>源文件\Renderer\GraphicRenderer</Filter>
    </ClInclude>
    <ClInclude Include="Runtime\Renderer\GraphicRenderer\RenderPipeline.hpp">
      <Filter>源文件\Renderer\GraphicRenderer</Filter>
    </ClInclude>
    <ClInclude Include="Runtime\Renderer\GraphicRenderer\Shader.hpp">
      <Filter>源文件\Renderer\GraphicRenderer</Filter>
    </ClInclude>
    <ClInclude Include="Runtime\Renderer\GraphicRenderer\Texture.hpp">
      <Filter>源文件\Renderer\GraphicRenderer</Filter>
    </ClInclude>
    <ClInclude Include="Runtime\Utils\SingletonInstance.hpp">
      <Filter>源文件\Utils</Filter>
    </ClInclude>
    <ClInclude Include="Runtime\Window\UI\IMGUI_GLFW_OPENGL3.hpp">
      <Filter>源文件\Window\UI</Filter>
    </ClInclude>
    <ClInclude Include="Runtime\Window\UI\UI.hpp">
      <Filter>源文件\Window\UI</Filter>
    </ClInclude>
    <ClInclude Include="Runtime\Window\Window.hpp">
      <Filter>源文件\Window</Filter>
    </ClInclude>
    <ClInclude Include="Runtime\Asset\AssetsManager.hpp">
      <Filter>源文件\Asset</Filter>
    </ClInclude>
    <ClInclude Include="Runtime\Asset\Files.hpp">
      <Filter>源文件\Asset</Filter>
    </ClInclude>
    <ClInclude Include="Runtime\Core\Reflection\Reflection.hpp">
      <Filter>源文件\Core\Reflection</Filter>
    </ClInclude>
    <ClInclude Include="Runtime\ECS\Component\ShaderComponent.hpp">
      <Filter>源文件\ECS\Component</Filter>
    </ClInclude>
    <ClInclude Include="Runtime\Renderer\GraphicRenderer\Grid.hpp">
      <Filter>源文件\Renderer\GraphicRenderer</Filter>
    </ClInclude>
    <ClInclude Include="Runtime\Renderer\GraphicRenderer\SkyBox.hpp">
      <Filter>源文件\Renderer\GraphicRenderer</Filter>
    </ClInclude>
    <ClInclude Include="Runtime\ECS\Light.hpp">
      <Filter>源文件\VisualEffect</Filter>
    </ClInclude>
    <ClInclude Include="Runtime\VisualEffect\PostProcesser.hpp">
      <Filter>源文件\VisualEffect</Filter>
    </ClInclude>
    <ClInclude Include="Runtime\VisualEffect\PostProcess.hpp">
      <Filter>源文件\VisualEffect</Filter>
    </ClInclude>
    <ClInclude Include="Runtime\ECS\Objects\ModelObject.hpp">
      <Filter>源文件\ECS\Objects</Filter>
    </ClInclude>
    <ClInclude Include="Runtime\Core\Base\Global.hpp">
      <Filter>源文件\Core\Base</Filter>
    </ClInclude>
    <ClInclude Include="Runtime\Physics\PhysicSyetemHeaders.h">
      <Filter>源文件\Physics</Filter>
    </ClInclude>
    <ClInclude Include="Runtime\Physics\PhysicSystem.hpp">
      <Filter>源文件\Physics</Filter>
    </ClInclude>
    <ClInclude Include="Runtime\Physics\Layers.hpp">
      <Filter>源文件\Physics</Filter>
    </ClInclude>
    <ClInclude Include="Runtime\Physics\Utils\ContactListenerImpl.hpp">
      <Filter>源文件\Physics\Utils</Filter>
    </ClInclude>
    <ClInclude Include="Runtime\Physics\PhysicsSettings.h">
      <Filter>源文件\Physics</Filter>
    </ClInclude>
    <ClInclude Include="Runtime\Core\Math\Math.hpp">
      <Filter>源文件\Core\Math</Filter>
    </ClInclude>
    <ClInclude Include="Runtime\Core\Math\SDKMath.hpp">
      <Filter>源文件\Core\Math</Filter>
    </ClInclude>
    <ClInclude Include="Runtime\Physics\Test\PhysicsTest.hpp">
      <Filter>源文件\Physics\Test</Filter>
    </ClInclude>
    <ClInclude Include="Runtime\Physics\Test\PTSimpleTest.hpp">
      <Filter>源文件\Physics\Test</Filter>
    </ClInclude>
    <ClInclude Include="Runtime\ECS\Component\PhysicsComponent.hpp">
      <Filter>源文件\ECS\Component</Filter>
    </ClInclude>
    <ClInclude Include="Runtime\Scripts\MonoTest.h">
      <Filter>源文件\Scripts</Filter>
    </ClInclude>
    <ClInclude Include="Runtime\Renderer\GraphicRenderer\stb_image\stb_image.h">
      <Filter>源文件\Renderer\GraphicRenderer\stb_image</Filter>
    </ClInclude>
    <ClInclude Include="Runtime\Renderer\AudioRenderer\AudioSystem.hpp">
      <Filter>源文件\Renderer\AudioRenderer</Filter>
    </ClInclude>
    <ClInclude Include="Runtime\ECS\Component\AudioComponent.hpp">
      <Filter>源文件\ECS\Component</Filter>
    </ClInclude>
    <ClInclude Include="Runtime\Renderer\AudioRenderer\Audio.hpp">
      <Filter>源文件\Renderer\AudioRenderer</Filter>
    </ClInclude>
    <ClInclude Include="Runtime\Asset\FileExplorer.hpp">
      <Filter>源文件\Asset</Filter>
    </ClInclude>
    <ClInclude Include="Runtime\Core\Serializer\Serializer.hpp">
      <Filter>源文件\Core\Serializer</Filter>
    </ClInclude>
    <ClInclude Include="Runtime\Core\Serializer\JsonParser.hpp">
      <Filter>源文件\Core\Serializer</Filter>
    </ClInclude>
    <ClInclude Include="SDKs\imgui\imconfig.h">
      <Filter>头文件\imgui</Filter>
    </ClInclude>
    <ClInclude Include="SDKs\imgui\imgui.h">
      <Filter>头文件\imgui</Filter>
    </ClInclude>
    <ClInclude Include="SDKs\imgui\imgui_internal.h">
      <Filter>头文件\imgui</Filter>
    </ClInclude>
    <ClInclude Include="SDKs\imgui\imstb_rectpack.h">
      <Filter>头文件\imgui</Filter>
    </ClInclude>
    <ClInclude Include="SDKs\imgui\imstb_textedit.h">
      <Filter>头文件\imgui</Filter>
    </ClInclude>
    <ClInclude Include="SDKs\imgui\imstb_truetype.h">
      <Filter>头文件\imgui</Filter>
    </ClInclude>
    <ClInclude Include="SDKs\imgui\backends\imgui_impl_glfw.h">
      <Filter>头文件\imgui</Filter>
    </ClInclude>
    <ClInclude Include="SDKs\imgui\backends\imgui_impl_opengl3.h">
      <Filter>头文件\imgui</Filter>
    </ClInclude>
    <ClInclude Include="SDKs\imgui\backends\imgui_impl_opengl3_loader.h">
      <Filter>头文件\imgui</Filter>
    </ClInclude>
    <ClInclude Include="SDKs\JoltPhysics\Jolt\ConfigurationString.h">
      <Filter>头文件\JoltPhysics</Filter>
    </ClInclude>
    <ClInclude Include="SDKs\JoltPhysics\Jolt\Jolt.h">
      <Filter>头文件\JoltPhysics</Filter>
    </ClInclude>
    <ClInclude Include="SDKs\JoltPhysics\Jolt\RegisterTypes.h">
      <Filter>头文件\JoltPhysics</Filter>
    </ClInclude>
    <ClInclude Include="SDKs\JoltPhysics\Jolt\AABBTree\AABBTreeBuilder.h">
      <Filter>头文件\JoltPhysics</Filter>
    </ClInclude>
    <ClInclude Include="SDKs\JoltPhysics\Jolt\AABBTree\AABBTreeToBuffer.h">
      <Filter>头文件\JoltPhysics</Filter>
    </ClInclude>
    <ClInclude Include="SDKs\JoltPhysics\Jolt\AABBTree\NodeCodec\NodeCodecQuadTreeHalfFloat.h">
      <Filter>头文件\JoltPhysics</Filter>
    </ClInclude>
    <ClInclude Include="SDKs\JoltPhysics\Jolt\AABBTree\TriangleCodec\TriangleCodecIndexed8BitPackSOA4Flags.h">
      <Filter>头文件\JoltPhysics</Filter>
    </ClInclude>
    <ClInclude Include="SDKs\JoltPhysics\Jolt\Core\ARMNeon.h">
      <Filter>头文件\JoltPhysics</Filter>
    </ClInclude>
    <ClInclude Include="SDKs\JoltPhysics\Jolt\Core\Atomics.h">
      <Filter>头文件\JoltPhysics</Filter>
    </ClInclude>
    <ClInclude Include="SDKs\JoltPhysics\Jolt\Core\ByteBuffer.h">
      <Filter>头文件\JoltPhysics</Filter>
    </ClInclude>
    <ClInclude Include="SDKs\JoltPhysics\Jolt\Core\Color.h">
      <Filter>头文件\JoltPhysics</Filter>
    </ClInclude>
    <ClInclude Include="SDKs\JoltPhysics\Jolt\Core\Core.h">
      <Filter>头文件\JoltPhysics</Filter>
    </ClInclude>
    <ClInclude Include="SDKs\JoltPhysics\Jolt\Core\Factory.h">
      <Filter>头文件\JoltPhysics</Filter>
    </ClInclude>
    <ClInclude Include="SDKs\JoltPhysics\Jolt\Core\FixedSizeFreeList.h">
      <Filter>头文件\JoltPhysics</Filter>
    </ClInclude>
    <ClInclude Include="SDKs\JoltPhysics\Jolt\Core\FPControlWord.h">
      <Filter>头文件\JoltPhysics</Filter>
    </ClInclude>
    <ClInclude Include="SDKs\JoltPhysics\Jolt\Core\FPException.h">
      <Filter>头文件\JoltPhysics</Filter>
    </ClInclude>
    <ClInclude Include="SDKs\JoltPhysics\Jolt\Core\FPFlushDenormals.h">
      <Filter>头文件\JoltPhysics</Filter>
    </ClInclude>
    <ClInclude Include="SDKs\JoltPhysics\Jolt\Core\HashCombine.h">
      <Filter>头文件\JoltPhysics</Filter>
    </ClInclude>
    <ClInclude Include="SDKs\JoltPhysics\Jolt\Core\InsertionSort.h">
      <Filter>头文件\JoltPhysics</Filter>
    </ClInclude>
    <ClInclude Include="SDKs\JoltPhysics\Jolt\Core\IssueReporting.h">
      <Filter>头文件\JoltPhysics</Filter>
    </ClInclude>
    <ClInclude Include="SDKs\JoltPhysics\Jolt\Core\JobSystem.h">
      <Filter>头文件\JoltPhysics</Filter>
    </ClInclude>
    <ClInclude Include="SDKs\JoltPhysics\Jolt\Core\JobSystemSingleThreaded.h">
      <Filter>头文件\JoltPhysics</Filter>
    </ClInclude>
    <ClInclude Include="SDKs\JoltPhysics\Jolt\Core\JobSystemThreadPool.h">
      <Filter>头文件\JoltPhysics</Filter>
    </ClInclude>
    <ClInclude Include="SDKs\JoltPhysics\Jolt\Core\JobSystemWithBarrier.h">
      <Filter>头文件\JoltPhysics</Filter>
    </ClInclude>
    <ClInclude Include="SDKs\JoltPhysics\Jolt\Core\LinearCurve.h">
      <Filter>头文件\JoltPhysics</Filter>
    </ClInclude>
    <ClInclude Include="SDKs\JoltPhysics\Jolt\Core\LockFreeHashMap.h">
      <Filter>头文件\JoltPhysics</Filter>
    </ClInclude>
    <ClInclude Include="SDKs\JoltPhysics\Jolt\Core\Memory.h">
      <Filter>头文件\JoltPhysics</Filter>
    </ClInclude>
    <ClInclude Include="SDKs\JoltPhysics\Jolt\Core\Mutex.h">
      <Filter>头文件\JoltPhysics</Filter>
    </ClInclude>
    <ClInclude Include="SDKs\JoltPhysics\Jolt\Core\MutexArray.h">
      <Filter>头文件\JoltPhysics</Filter>
    </ClInclude>
    <ClInclude Include="SDKs\JoltPhysics\Jolt\Core\NonCopyable.h">
      <Filter>头文件\JoltPhysics</Filter>
    </ClInclude>
    <ClInclude Include="SDKs\JoltPhysics\Jolt\Core\Profiler.h">
      <Filter>头文件\JoltPhysics</Filter>
    </ClInclude>
    <ClInclude Include="SDKs\JoltPhysics\Jolt\Core\QuickSort.h">
      <Filter>头文件\JoltPhysics</Filter>
    </ClInclude>
    <ClInclude Include="SDKs\JoltPhysics\Jolt\Core\Reference.h">
      <Filter>头文件\JoltPhysics</Filter>
    </ClInclude>
    <ClInclude Include="SDKs\JoltPhysics\Jolt\Core\Result.h">
      <Filter>头文件\JoltPhysics</Filter>
    </ClInclude>
    <ClInclude Include="SDKs\JoltPhysics\Jolt\Core\RTTI.h">
      <Filter>头文件\JoltPhysics</Filter>
    </ClInclude>
    <ClInclude Include="SDKs\JoltPhysics\Jolt\Core\Semaphore.h">
      <Filter>头文件\JoltPhysics</Filter>
    </ClInclude>
    <ClInclude Include="SDKs\JoltPhysics\Jolt\Core\StaticArray.h">
      <Filter>头文件\JoltPhysics</Filter>
    </ClInclude>
    <ClInclude Include="SDKs\JoltPhysics\Jolt\Core\STLAlignedAllocator.h">
      <Filter>头文件\JoltPhysics</Filter>
    </ClInclude>
    <ClInclude Include="SDKs\JoltPhysics\Jolt\Core\STLAllocator.h">
      <Filter>头文件\JoltPhysics</Filter>
    </ClInclude>
    <ClInclude Include="SDKs\JoltPhysics\Jolt\Core\STLTempAllocator.h">
      <Filter>头文件\JoltPhysics</Filter>
    </ClInclude>
    <ClInclude Include="SDKs\JoltPhysics\Jolt\Core\StreamIn.h">
      <Filter>头文件\JoltPhysics</Filter>
    </ClInclude>
    <ClInclude Include="SDKs\JoltPhysics\Jolt\Core\StreamOut.h">
      <Filter>头文件\JoltPhysics</Filter>
    </ClInclude>
    <ClInclude Include="SDKs\JoltPhysics\Jolt\Core\StreamUtils.h">
      <Filter>头文件\JoltPhysics</Filter>
    </ClInclude>
    <ClInclude Include="SDKs\JoltPhysics\Jolt\Core\StreamWrapper.h">
      <Filter>头文件\JoltPhysics</Filter>
    </ClInclude>
    <ClInclude Include="SDKs\JoltPhysics\Jolt\Core\StringTools.h">
      <Filter>头文件\JoltPhysics</Filter>
    </ClInclude>
    <ClInclude Include="SDKs\JoltPhysics\Jolt\Core\TempAllocator.h">
      <Filter>头文件\JoltPhysics</Filter>
    </ClInclude>
    <ClInclude Include="SDKs\JoltPhysics\Jolt\Core\TickCounter.h">
      <Filter>头文件\JoltPhysics</Filter>
    </ClInclude>
    <ClInclude Include="SDKs\JoltPhysics\Jolt\Core\UnorderedMap.h">
      <Filter>头文件\JoltPhysics</Filter>
    </ClInclude>
    <ClInclude Include="SDKs\JoltPhysics\Jolt\Core\UnorderedSet.h">
      <Filter>头文件\JoltPhysics</Filter>
    </ClInclude>
    <ClInclude Include="SDKs\JoltPhysics\Jolt\Geometry\AABox.h">
      <Filter>头文件\JoltPhysics</Filter>
    </ClInclude>
    <ClInclude Include="SDKs\JoltPhysics\Jolt\Geometry\AABox4.h">
      <Filter>头文件\JoltPhysics</Filter>
    </ClInclude>
    <ClInclude Include="SDKs\JoltPhysics\Jolt\Geometry\ClipPoly.h">
      <Filter>头文件\JoltPhysics</Filter>
    </ClInclude>
    <ClInclude Include="SDKs\JoltPhysics\Jolt\Geometry\ClosestPoint.h">
      <Filter>头文件\JoltPhysics</Filter>
    </ClInclude>
    <ClInclude Include="SDKs\JoltPhysics\Jolt\Geometry\ConvexHullBuilder.h">
      <Filter>头文件\JoltPhysics</Filter>
    </ClInclude>
    <ClInclude Include="SDKs\JoltPhysics\Jolt\Geometry\ConvexHullBuilder2D.h">
      <Filter>头文件\JoltPhysics</Filter>
    </ClInclude>
    <ClInclude Include="SDKs\JoltPhysics\Jolt\Geometry\ConvexSupport.h">
      <Filter>头文件\JoltPhysics</Filter>
    </ClInclude>
    <ClInclude Include="SDKs\JoltPhysics\Jolt\Geometry\Ellipse.h">
      <Filter>头文件\JoltPhysics</Filter>
    </ClInclude>
    <ClInclude Include="SDKs\JoltPhysics\Jolt\Geometry\EPAConvexHullBuilder.h">
      <Filter>头文件\JoltPhysics</Filter>
    </ClInclude>
    <ClInclude Include="SDKs\JoltPhysics\Jolt\Geometry\EPAPenetrationDepth.h">
      <Filter>头文件\JoltPhysics</Filter>
    </ClInclude>
    <ClInclude Include="SDKs\JoltPhysics\Jolt\Geometry\GJKClosestPoint.h">
      <Filter>头文件\JoltPhysics</Filter>
    </ClInclude>
    <ClInclude Include="SDKs\JoltPhysics\Jolt\Geometry\IndexedTriangle.h">
      <Filter>头文件\JoltPhysics</Filter>
    </ClInclude>
    <ClInclude Include="SDKs\JoltPhysics\Jolt\Geometry\Indexify.h">
      <Filter>头文件\JoltPhysics</Filter>
    </ClInclude>
    <ClInclude Include="SDKs\JoltPhysics\Jolt\Geometry\MortonCode.h">
      <Filter>头文件\JoltPhysics</Filter>
    </ClInclude>
    <ClInclude Include="SDKs\JoltPhysics\Jolt\Geometry\OrientedBox.h">
      <Filter>头文件\JoltPhysics</Filter>
    </ClInclude>
    <ClInclude Include="SDKs\JoltPhysics\Jolt\Geometry\Plane.h">
      <Filter>头文件\JoltPhysics</Filter>
    </ClInclude>
    <ClInclude Include="SDKs\JoltPhysics\Jolt\Geometry\RayAABox.h">
      <Filter>头文件\JoltPhysics</Filter>
    </ClInclude>
    <ClInclude Include="SDKs\JoltPhysics\Jolt\Geometry\RayAABox8.h">
      <Filter>头文件\JoltPhysics</Filter>
    </ClInclude>
    <ClInclude Include="SDKs\JoltPhysics\Jolt\Geometry\RayCapsule.h">
      <Filter>头文件\JoltPhysics</Filter>
    </ClInclude>
    <ClInclude Include="SDKs\JoltPhysics\Jolt\Geometry\RayCylinder.h">
      <Filter>头文件\JoltPhysics</Filter>
    </ClInclude>
    <ClInclude Include="SDKs\JoltPhysics\Jolt\Geometry\RaySphere.h">
      <Filter>头文件\JoltPhysics</Filter>
    </ClInclude>
    <ClInclude Include="SDKs\JoltPhysics\Jolt\Geometry\RayTriangle.h">
      <Filter>头文件\JoltPhysics</Filter>
    </ClInclude>
    <ClInclude Include="SDKs\JoltPhysics\Jolt\Geometry\RayTriangle8.h">
      <Filter>头文件\JoltPhysics</Filter>
    </ClInclude>
    <ClInclude Include="SDKs\JoltPhysics\Jolt\Geometry\Sphere.h">
      <Filter>头文件\JoltPhysics</Filter>
    </ClInclude>
    <ClInclude Include="SDKs\JoltPhysics\Jolt\Geometry\Triangle.h">
      <Filter>头文件\JoltPhysics</Filter>
    </ClInclude>
    <ClInclude Include="SDKs\JoltPhysics\Jolt\Math\DMat44.h">
      <Filter>头文件\JoltPhysics</Filter>
    </ClInclude>
    <ClInclude Include="SDKs\JoltPhysics\Jolt\Math\Double3.h">
      <Filter>头文件\JoltPhysics</Filter>
    </ClInclude>
    <ClInclude Include="SDKs\JoltPhysics\Jolt\Math\DVec3.h">
      <Filter>头文件\JoltPhysics</Filter>
    </ClInclude>
    <ClInclude Include="SDKs\JoltPhysics\Jolt\Math\DynMatrix.h">
      <Filter>头文件\JoltPhysics</Filter>
    </ClInclude>
    <ClInclude Include="SDKs\JoltPhysics\Jolt\Math\EigenValueSymmetric.h">
      <Filter>头文件\JoltPhysics</Filter>
    </ClInclude>
    <ClInclude Include="SDKs\JoltPhysics\Jolt\Math\FindRoot.h">
      <Filter>头文件\JoltPhysics</Filter>
    </ClInclude>
    <ClInclude Include="SDKs\JoltPhysics\Jolt\Math\Float2.h">
      <Filter>头文件\JoltPhysics</Filter>
    </ClInclude>
    <ClInclude Include="SDKs\JoltPhysics\Jolt\Math\Float3.h">
      <Filter>头文件\JoltPhysics</Filter>
    </ClInclude>
    <ClInclude Include="SDKs\JoltPhysics\Jolt\Math\Float4.h">
      <Filter>头文件\JoltPhysics</Filter>
    </ClInclude>
    <ClInclude Include="SDKs\JoltPhysics\Jolt\Math\GaussianElimination.h">
      <Filter>头文件\JoltPhysics</Filter>
    </ClInclude>
    <ClInclude Include="SDKs\JoltPhysics\Jolt\Math\HalfFloat.h">
      <Filter>头文件\JoltPhysics</Filter>
    </ClInclude>
    <ClInclude Include="SDKs\JoltPhysics\Jolt\Math\Mat44.h">
      <Filter>头文件\JoltPhysics</Filter>
    </ClInclude>
    <ClInclude Include="SDKs\JoltPhysics\Jolt\Math\Math.h">
      <Filter>头文件\JoltPhysics</Filter>
    </ClInclude>
    <ClInclude Include="SDKs\JoltPhysics\Jolt\Math\MathTypes.h">
      <Filter>头文件\JoltPhysics</Filter>
    </ClInclude>
    <ClInclude Include="SDKs\JoltPhysics\Jolt\Math\Matrix.h">
      <Filter>头文件\JoltPhysics</Filter>
    </ClInclude>
    <ClInclude Include="SDKs\JoltPhysics\Jolt\Math\Quat.h">
      <Filter>头文件\JoltPhysics</Filter>
    </ClInclude>
    <ClInclude Include="SDKs\JoltPhysics\Jolt\Math\Real.h">
      <Filter>头文件\JoltPhysics</Filter>
    </ClInclude>
    <ClInclude Include="SDKs\JoltPhysics\Jolt\Math\Swizzle.h">
      <Filter>头文件\JoltPhysics</Filter>
    </ClInclude>
    <ClInclude Include="SDKs\JoltPhysics\Jolt\Math\Trigonometry.h">
      <Filter>头文件\JoltPhysics</Filter>
    </ClInclude>
    <ClInclude Include="SDKs\JoltPhysics\Jolt\Math\UVec4.h">
      <Filter>头文件\JoltPhysics</Filter>
    </ClInclude>
    <ClInclude Include="SDKs\JoltPhysics\Jolt\Math\UVec8.h">
      <Filter>头文件\JoltPhysics</Filter>
    </ClInclude>
    <ClInclude Include="SDKs\JoltPhysics\Jolt\Math\Vec3.h">
      <Filter>头文件\JoltPhysics</Filter>
    </ClInclude>
    <ClInclude Include="SDKs\JoltPhysics\Jolt\Math\Vec4.h">
      <Filter>头文件\JoltPhysics</Filter>
    </ClInclude>
    <ClInclude Include="SDKs\JoltPhysics\Jolt\Math\Vec8.h">
      <Filter>头文件\JoltPhysics</Filter>
    </ClInclude>
    <ClInclude Include="SDKs\JoltPhysics\Jolt\Math\Vector.h">
      <Filter>头文件\JoltPhysics</Filter>
    </ClInclude>
    <ClInclude Include="SDKs\JoltPhysics\Jolt\ObjectStream\GetPrimitiveTypeOfType.h">
      <Filter>头文件\JoltPhysics</Filter>
    </ClInclude>
    <ClInclude Include="SDKs\JoltPhysics\Jolt\ObjectStream\ObjectStream.h">
      <Filter>头文件\JoltPhysics</Filter>
    </ClInclude>
    <ClInclude Include="SDKs\JoltPhysics\Jolt\ObjectStream\ObjectStreamBinaryIn.h">
      <Filter>头文件\JoltPhysics</Filter>
    </ClInclude>
    <ClInclude Include="SDKs\JoltPhysics\Jolt\ObjectStream\ObjectStreamBinaryOut.h">
      <Filter>头文件\JoltPhysics</Filter>
    </ClInclude>
    <ClInclude Include="SDKs\JoltPhysics\Jolt\ObjectStream\ObjectStreamIn.h">
      <Filter>头文件\JoltPhysics</Filter>
    </ClInclude>
    <ClInclude Include="SDKs\JoltPhysics\Jolt\ObjectStream\ObjectStreamOut.h">
      <Filter>头文件\JoltPhysics</Filter>
    </ClInclude>
    <ClInclude Include="SDKs\JoltPhysics\Jolt\ObjectStream\ObjectStreamTextIn.h">
      <Filter>头文件\JoltPhysics</Filter>
    </ClInclude>
    <ClInclude Include="SDKs\JoltPhysics\Jolt\ObjectStream\ObjectStreamTextOut.h">
      <Filter>头文件\JoltPhysics</Filter>
    </ClInclude>
    <ClInclude Include="SDKs\JoltPhysics\Jolt\ObjectStream\ObjectStreamTypes.h">
      <Filter>头文件\JoltPhysics</Filter>
    </ClInclude>
    <ClInclude Include="SDKs\JoltPhysics\Jolt\ObjectStream\SerializableAttribute.h">
      <Filter>头文件\JoltPhysics</Filter>
    </ClInclude>
    <ClInclude Include="SDKs\JoltPhysics\Jolt\ObjectStream\SerializableAttributeEnum.h">
      <Filter>头文件\JoltPhysics</Filter>
    </ClInclude>
    <ClInclude Include="SDKs\JoltPhysics\Jolt\ObjectStream\SerializableAttributeTyped.h">
      <Filter>头文件\JoltPhysics</Filter>
    </ClInclude>
    <ClInclude Include="SDKs\JoltPhysics\Jolt\ObjectStream\SerializableObject.h">
      <Filter>头文件\JoltPhysics</Filter>
    </ClInclude>
    <ClInclude Include="SDKs\JoltPhysics\Jolt\ObjectStream\TypeDeclarations.h">
      <Filter>头文件\JoltPhysics</Filter>
    </ClInclude>
    <ClInclude Include="SDKs\JoltPhysics\Jolt\Physics\Body\AllowedDOFs.h">
      <Filter>头文件\JoltPhysics</Filter>
    </ClInclude>
    <ClInclude Include="SDKs\JoltPhysics\Jolt\Physics\Body\Body.h">
      <Filter>头文件\JoltPhysics</Filter>
    </ClInclude>
    <ClInclude Include="SDKs\JoltPhysics\Jolt\Physics\Body\BodyAccess.h">
      <Filter>头文件\JoltPhysics</Filter>
    </ClInclude>
    <ClInclude Include="SDKs\JoltPhysics\Jolt\Physics\Body\BodyActivationListener.h">
      <Filter>头文件\JoltPhysics</Filter>
    </ClInclude>
    <ClInclude Include="SDKs\JoltPhysics\Jolt\Physics\Body\BodyCreationSettings.h">
      <Filter>头文件\JoltPhysics</Filter>
    </ClInclude>
    <ClInclude Include="SDKs\JoltPhysics\Jolt\Physics\Body\BodyFilter.h">
      <Filter>头文件\JoltPhysics</Filter>
    </ClInclude>
    <ClInclude Include="SDKs\JoltPhysics\Jolt\Physics\Body\BodyID.h">
      <Filter>头文件\JoltPhysics</Filter>
    </ClInclude>
    <ClInclude Include="SDKs\JoltPhysics\Jolt\Physics\Body\BodyInterface.h">
      <Filter>头文件\JoltPhysics</Filter>
    </ClInclude>
    <ClInclude Include="SDKs\JoltPhysics\Jolt\Physics\Body\BodyLock.h">
      <Filter>头文件\JoltPhysics</Filter>
    </ClInclude>
    <ClInclude Include="SDKs\JoltPhysics\Jolt\Physics\Body\BodyLockInterface.h">
      <Filter>头文件\JoltPhysics</Filter>
    </ClInclude>
    <ClInclude Include="SDKs\JoltPhysics\Jolt\Physics\Body\BodyLockMulti.h">
      <Filter>头文件\JoltPhysics</Filter>
    </ClInclude>
    <ClInclude Include="SDKs\JoltPhysics\Jolt\Physics\Body\BodyManager.h">
      <Filter>头文件\JoltPhysics</Filter>
    </ClInclude>
    <ClInclude Include="SDKs\JoltPhysics\Jolt\Physics\Body\BodyPair.h">
      <Filter>头文件\JoltPhysics</Filter>
    </ClInclude>
    <ClInclude Include="SDKs\JoltPhysics\Jolt\Physics\Body\BodyType.h">
      <Filter>头文件\JoltPhysics</Filter>
    </ClInclude>
    <ClInclude Include="SDKs\JoltPhysics\Jolt\Physics\Body\MassProperties.h">
      <Filter>头文件\JoltPhysics</Filter>
    </ClInclude>
    <ClInclude Include="SDKs\JoltPhysics\Jolt\Physics\Body\MotionProperties.h">
      <Filter>头文件\JoltPhysics</Filter>
    </ClInclude>
    <ClInclude Include="SDKs\JoltPhysics\Jolt\Physics\Body\MotionQuality.h">
      <Filter>头文件\JoltPhysics</Filter>
    </ClInclude>
    <ClInclude Include="SDKs\JoltPhysics\Jolt\Physics\Body\MotionType.h">
      <Filter>头文件\JoltPhysics</Filter>
    </ClInclude>
    <ClInclude Include="SDKs\JoltPhysics\Jolt\Physics\Character\Character.h">
      <Filter>头文件\JoltPhysics</Filter>
    </ClInclude>
    <ClInclude Include="SDKs\JoltPhysics\Jolt\Physics\Character\CharacterBase.h">
      <Filter>头文件\JoltPhysics</Filter>
    </ClInclude>
    <ClInclude Include="SDKs\JoltPhysics\Jolt\Physics\Character\CharacterVirtual.h">
      <Filter>头文件\JoltPhysics</Filter>
    </ClInclude>
    <ClInclude Include="SDKs\JoltPhysics\Jolt\Physics\Collision\AABoxCast.h">
      <Filter>头文件\JoltPhysics</Filter>
    </ClInclude>
    <ClInclude Include="SDKs\JoltPhysics\Jolt\Physics\Collision\ActiveEdgeMode.h">
      <Filter>头文件\JoltPhysics</Filter>
    </ClInclude>
    <ClInclude Include="SDKs\JoltPhysics\Jolt\Physics\Collision\ActiveEdges.h">
      <Filter>头文件\JoltPhysics</Filter>
    </ClInclude>
    <ClInclude Include="SDKs\JoltPhysics\Jolt\Physics\Collision\BackFaceMode.h">
      <Filter>头文件\JoltPhysics</Filter>
    </ClInclude>
    <ClInclude Include="SDKs\JoltPhysics\Jolt\Physics\Collision\BroadPhase\BroadPhase.h">
      <Filter>头文件\JoltPhysics</Filter>
    </ClInclude>
    <ClInclude Include="SDKs\JoltPhysics\Jolt\Physics\Collision\BroadPhase\BroadPhaseBruteForce.h">
      <Filter>头文件\JoltPhysics</Filter>
    </ClInclude>
    <ClInclude Include="SDKs\JoltPhysics\Jolt\Physics\Collision\BroadPhase\BroadPhaseLayer.h">
      <Filter>头文件\JoltPhysics</Filter>
    </ClInclude>
    <ClInclude Include="SDKs\JoltPhysics\Jolt\Physics\Collision\BroadPhase\BroadPhaseLayerInterfaceMask.h">
      <Filter>头文件\JoltPhysics</Filter>
    </ClInclude>
    <ClInclude Include="SDKs\JoltPhysics\Jolt\Physics\Collision\BroadPhase\BroadPhaseLayerInterfaceTable.h">
      <Filter>头文件\JoltPhysics</Filter>
    </ClInclude>
    <ClInclude Include="SDKs\JoltPhysics\Jolt\Physics\Collision\BroadPhase\BroadPhaseQuadTree.h">
      <Filter>头文件\JoltPhysics</Filter>
    </ClInclude>
    <ClInclude Include="SDKs\JoltPhysics\Jolt\Physics\Collision\BroadPhase\BroadPhaseQuery.h">
      <Filter>头文件\JoltPhysics</Filter>
    </ClInclude>
    <ClInclude Include="SDKs\JoltPhysics\Jolt\Physics\Collision\BroadPhase\ObjectVsBroadPhaseLayerFilterMask.h">
      <Filter>头文件\JoltPhysics</Filter>
    </ClInclude>
    <ClInclude Include="SDKs\JoltPhysics\Jolt\Physics\Collision\BroadPhase\ObjectVsBroadPhaseLayerFilterTable.h">
      <Filter>头文件\JoltPhysics</Filter>
    </ClInclude>
    <ClInclude Include="SDKs\JoltPhysics\Jolt\Physics\Collision\BroadPhase\QuadTree.h">
      <Filter>头文件\JoltPhysics</Filter>
    </ClInclude>
    <ClInclude Include="SDKs\JoltPhysics\Jolt\Physics\Collision\CastConvexVsTriangles.h">
      <Filter>头文件\JoltPhysics</Filter>
    </ClInclude>
    <ClInclude Include="SDKs\JoltPhysics\Jolt\Physics\Collision\CastResult.h">
      <Filter>头文件\JoltPhysics</Filter>
    </ClInclude>
    <ClInclude Include="SDKs\JoltPhysics\Jolt\Physics\Collision\CastSphereVsTriangles.h">
      <Filter>头文件\JoltPhysics</Filter>
    </ClInclude>
    <ClInclude Include="SDKs\JoltPhysics\Jolt\Physics\Collision\CollectFacesMode.h">
      <Filter>头文件\JoltPhysics</Filter>
    </ClInclude>
    <ClInclude Include="SDKs\JoltPhysics\Jolt\Physics\Collision\CollideConvexVsTriangles.h">
      <Filter>头文件\JoltPhysics</Filter>
    </ClInclude>
    <ClInclude Include="SDKs\JoltPhysics\Jolt\Physics\Collision\CollidePointResult.h">
      <Filter>头文件\JoltPhysics</Filter>
    </ClInclude>
    <ClInclude Include="SDKs\JoltPhysics\Jolt\Physics\Collision\CollideShape.h">
      <Filter>头文件\JoltPhysics</Filter>
    </ClInclude>
    <ClInclude Include="SDKs\JoltPhysics\Jolt\Physics\Collision\CollideSoftBodyVerticesVsTriangles.h">
      <Filter>头文件\JoltPhysics</Filter>
    </ClInclude>
    <ClInclude Include="SDKs\JoltPhysics\Jolt\Physics\Collision\CollideSphereVsTriangles.h">
      <Filter>头文件\JoltPhysics</Filter>
    </ClInclude>
    <ClInclude Include="SDKs\JoltPhysics\Jolt\Physics\Collision\CollisionCollector.h">
      <Filter>头文件\JoltPhysics</Filter>
    </ClInclude>
    <ClInclude Include="SDKs\JoltPhysics\Jolt\Physics\Collision\CollisionCollectorImpl.h">
      <Filter>头文件\JoltPhysics</Filter>
    </ClInclude>
    <ClInclude Include="SDKs\JoltPhysics\Jolt\Physics\Collision\CollisionDispatch.h">
      <Filter>头文件\JoltPhysics</Filter>
    </ClInclude>
    <ClInclude Include="SDKs\JoltPhysics\Jolt\Physics\Collision\CollisionGroup.h">
      <Filter>头文件\JoltPhysics</Filter>
    </ClInclude>
    <ClInclude Include="SDKs\JoltPhysics\Jolt\Physics\Collision\ContactListener.h">
      <Filter>头文件\JoltPhysics</Filter>
    </ClInclude>
    <ClInclude Include="SDKs\JoltPhysics\Jolt\Physics\Collision\EstimateCollisionResponse.h">
      <Filter>头文件\JoltPhysics</Filter>
    </ClInclude>
    <ClInclude Include="SDKs\JoltPhysics\Jolt\Physics\Collision\GroupFilter.h">
      <Filter>头文件\JoltPhysics</Filter>
    </ClInclude>
    <ClInclude Include="SDKs\JoltPhysics\Jolt\Physics\Collision\GroupFilterTable.h">
      <Filter>头文件\JoltPhysics</Filter>
    </ClInclude>
    <ClInclude Include="SDKs\JoltPhysics\Jolt\Physics\Collision\InternalEdgeRemovingCollector.h">
      <Filter>头文件\JoltPhysics</Filter>
    </ClInclude>
    <ClInclude Include="SDKs\JoltPhysics\Jolt\Physics\Collision\ManifoldBetweenTwoFaces.h">
      <Filter>头文件\JoltPhysics</Filter>
    </ClInclude>
    <ClInclude Include="SDKs\JoltPhysics\Jolt\Physics\Collision\NarrowPhaseQuery.h">
      <Filter>头文件\JoltPhysics</Filter>
    </ClInclude>
    <ClInclude Include="SDKs\JoltPhysics\Jolt\Physics\Collision\NarrowPhaseStats.h">
      <Filter>头文件\JoltPhysics</Filter>
    </ClInclude>
    <ClInclude Include="SDKs\JoltPhysics\Jolt\Physics\Collision\ObjectLayer.h">
      <Filter>头文件\JoltPhysics</Filter>
    </ClInclude>
    <ClInclude Include="SDKs\JoltPhysics\Jolt\Physics\Collision\ObjectLayerPairFilterMask.h">
      <Filter>头文件\JoltPhysics</Filter>
    </ClInclude>
    <ClInclude Include="SDKs\JoltPhysics\Jolt\Physics\Collision\ObjectLayerPairFilterTable.h">
      <Filter>头文件\JoltPhysics</Filter>
    </ClInclude>
    <ClInclude Include="SDKs\JoltPhysics\Jolt\Physics\Collision\PhysicsMaterial.h">
      <Filter>头文件\JoltPhysics</Filter>
    </ClInclude>
    <ClInclude Include="SDKs\JoltPhysics\Jolt\Physics\Collision\PhysicsMaterialSimple.h">
      <Filter>头文件\JoltPhysics</Filter>
    </ClInclude>
    <ClInclude Include="SDKs\JoltPhysics\Jolt\Physics\Collision\RayCast.h">
      <Filter>头文件\JoltPhysics</Filter>
    </ClInclude>
    <ClInclude Include="SDKs\JoltPhysics\Jolt\Physics\Collision\Shape\BoxShape.h">
      <Filter>头文件\JoltPhysics</Filter>
    </ClInclude>
    <ClInclude Include="SDKs\JoltPhysics\Jolt\Physics\Collision\Shape\CapsuleShape.h">
      <Filter>头文件\JoltPhysics</Filter>
    </ClInclude>
    <ClInclude Include="SDKs\JoltPhysics\Jolt\Physics\Collision\Shape\CompoundShape.h">
      <Filter>头文件\JoltPhysics</Filter>
    </ClInclude>
    <ClInclude Include="SDKs\JoltPhysics\Jolt\Physics\Collision\Shape\CompoundShapeVisitors.h">
      <Filter>头文件\JoltPhysics</Filter>
    </ClInclude>
    <ClInclude Include="SDKs\JoltPhysics\Jolt\Physics\Collision\Shape\ConvexHullShape.h">
      <Filter>头文件\JoltPhysics</Filter>
    </ClInclude>
    <ClInclude Include="SDKs\JoltPhysics\Jolt\Physics\Collision\Shape\ConvexShape.h">
      <Filter>头文件\JoltPhysics</Filter>
    </ClInclude>
    <ClInclude Include="SDKs\JoltPhysics\Jolt\Physics\Collision\Shape\CylinderShape.h">
      <Filter>头文件\JoltPhysics</Filter>
    </ClInclude>
    <ClInclude Include="SDKs\JoltPhysics\Jolt\Physics\Collision\Shape\DecoratedShape.h">
      <Filter>头文件\JoltPhysics</Filter>
    </ClInclude>
    <ClInclude Include="SDKs\JoltPhysics\Jolt\Physics\Collision\Shape\GetTrianglesContext.h">
      <Filter>头文件\JoltPhysics</Filter>
    </ClInclude>
    <ClInclude Include="SDKs\JoltPhysics\Jolt\Physics\Collision\Shape\HeightFieldShape.h">
      <Filter>头文件\JoltPhysics</Filter>
    </ClInclude>
    <ClInclude Include="SDKs\JoltPhysics\Jolt\Physics\Collision\Shape\MeshShape.h">
      <Filter>头文件\JoltPhysics</Filter>
    </ClInclude>
    <ClInclude Include="SDKs\JoltPhysics\Jolt\Physics\Collision\Shape\MutableCompoundShape.h">
      <Filter>头文件\JoltPhysics</Filter>
    </ClInclude>
    <ClInclude Include="SDKs\JoltPhysics\Jolt\Physics\Collision\Shape\OffsetCenterOfMassShape.h">
      <Filter>头文件\JoltPhysics</Filter>
    </ClInclude>
    <ClInclude Include="SDKs\JoltPhysics\Jolt\Physics\Collision\Shape\PolyhedronSubmergedVolumeCalculator.h">
      <Filter>头文件\JoltPhysics</Filter>
    </ClInclude>
    <ClInclude Include="SDKs\JoltPhysics\Jolt\Physics\Collision\Shape\RotatedTranslatedShape.h">
      <Filter>头文件\JoltPhysics</Filter>
    </ClInclude>
    <ClInclude Include="SDKs\JoltPhysics\Jolt\Physics\Collision\Shape\ScaledShape.h">
      <Filter>头文件\JoltPhysics</Filter>
    </ClInclude>
    <ClInclude Include="SDKs\JoltPhysics\Jolt\Physics\Collision\Shape\ScaleHelpers.h">
      <Filter>头文件\JoltPhysics</Filter>
    </ClInclude>
    <ClInclude Include="SDKs\JoltPhysics\Jolt\Physics\Collision\Shape\Shape.h">
      <Filter>头文件\JoltPhysics</Filter>
    </ClInclude>
    <ClInclude Include="SDKs\JoltPhysics\Jolt\Physics\Collision\Shape\SphereShape.h">
      <Filter>头文件\JoltPhysics</Filter>
    </ClInclude>
    <ClInclude Include="SDKs\JoltPhysics\Jolt\Physics\Collision\Shape\StaticCompoundShape.h">
      <Filter>头文件\JoltPhysics</Filter>
    </ClInclude>
    <ClInclude Include="SDKs\JoltPhysics\Jolt\Physics\Collision\Shape\SubShapeID.h">
      <Filter>头文件\JoltPhysics</Filter>
    </ClInclude>
    <ClInclude Include="SDKs\JoltPhysics\Jolt\Physics\Collision\Shape\SubShapeIDPair.h">
      <Filter>头文件\JoltPhysics</Filter>
    </ClInclude>
    <ClInclude Include="SDKs\JoltPhysics\Jolt\Physics\Collision\Shape\TaperedCapsuleShape.h">
      <Filter>头文件\JoltPhysics</Filter>
    </ClInclude>
    <ClInclude Include="SDKs\JoltPhysics\Jolt\Physics\Collision\Shape\TriangleShape.h">
      <Filter>头文件\JoltPhysics</Filter>
    </ClInclude>
    <ClInclude Include="SDKs\JoltPhysics\Jolt\Physics\Collision\ShapeCast.h">
      <Filter>头文件\JoltPhysics</Filter>
    </ClInclude>
    <ClInclude Include="SDKs\JoltPhysics\Jolt\Physics\Collision\ShapeFilter.h">
      <Filter>头文件\JoltPhysics</Filter>
    </ClInclude>
    <ClInclude Include="SDKs\JoltPhysics\Jolt\Physics\Collision\SortReverseAndStore.h">
      <Filter>头文件\JoltPhysics</Filter>
    </ClInclude>
    <ClInclude Include="SDKs\JoltPhysics\Jolt\Physics\Collision\TransformedShape.h">
      <Filter>头文件\JoltPhysics</Filter>
    </ClInclude>
    <ClInclude Include="SDKs\JoltPhysics\Jolt\Physics\Constraints\CalculateSolverSteps.h">
      <Filter>头文件\JoltPhysics</Filter>
    </ClInclude>
    <ClInclude Include="SDKs\JoltPhysics\Jolt\Physics\Constraints\ConeConstraint.h">
      <Filter>头文件\JoltPhysics</Filter>
    </ClInclude>
    <ClInclude Include="SDKs\JoltPhysics\Jolt\Physics\Constraints\Constraint.h">
      <Filter>头文件\JoltPhysics</Filter>
    </ClInclude>
    <ClInclude Include="SDKs\JoltPhysics\Jolt\Physics\Constraints\ConstraintManager.h">
      <Filter>头文件\JoltPhysics</Filter>
    </ClInclude>
    <ClInclude Include="SDKs\JoltPhysics\Jolt\Physics\Constraints\ConstraintPart\AngleConstraintPart.h">
      <Filter>头文件\JoltPhysics</Filter>
    </ClInclude>
    <ClInclude Include="SDKs\JoltPhysics\Jolt\Physics\Constraints\ConstraintPart\AxisConstraintPart.h">
      <Filter>头文件\JoltPhysics</Filter>
    </ClInclude>
    <ClInclude Include="SDKs\JoltPhysics\Jolt\Physics\Constraints\ConstraintPart\DualAxisConstraintPart.h">
      <Filter>头文件\JoltPhysics</Filter>
    </ClInclude>
    <ClInclude Include="SDKs\JoltPhysics\Jolt\Physics\Constraints\ConstraintPart\GearConstraintPart.h">
      <Filter>头文件\JoltPhysics</Filter>
    </ClInclude>
    <ClInclude Include="SDKs\JoltPhysics\Jolt\Physics\Constraints\ConstraintPart\HingeRotationConstraintPart.h">
      <Filter>头文件\JoltPhysics</Filter>
    </ClInclude>
    <ClInclude Include="SDKs\JoltPhysics\Jolt\Physics\Constraints\ConstraintPart\IndependentAxisConstraintPart.h">
      <Filter>头文件\JoltPhysics</Filter>
    </ClInclude>
    <ClInclude Include="SDKs\JoltPhysics\Jolt\Physics\Constraints\ConstraintPart\PointConstraintPart.h">
      <Filter>头文件\JoltPhysics</Filter>
    </ClInclude>
    <ClInclude Include="SDKs\JoltPhysics\Jolt\Physics\Constraints\ConstraintPart\RackAndPinionConstraintPart.h">
      <Filter>头文件\JoltPhysics</Filter>
    </ClInclude>
    <ClInclude Include="SDKs\JoltPhysics\Jolt\Physics\Constraints\ConstraintPart\RotationEulerConstraintPart.h">
      <Filter>头文件\JoltPhysics</Filter>
    </ClInclude>
    <ClInclude Include="SDKs\JoltPhysics\Jolt\Physics\Constraints\ConstraintPart\RotationQuatConstraintPart.h">
      <Filter>头文件\JoltPhysics</Filter>
    </ClInclude>
    <ClInclude Include="SDKs\JoltPhysics\Jolt\Physics\Constraints\ConstraintPart\SpringPart.h">
      <Filter>头文件\JoltPhysics</Filter>
    </ClInclude>
    <ClInclude Include="SDKs\JoltPhysics\Jolt\Physics\Constraints\ConstraintPart\SwingTwistConstraintPart.h">
      <Filter>头文件\JoltPhysics</Filter>
    </ClInclude>
    <ClInclude Include="SDKs\JoltPhysics\Jolt\Physics\Constraints\ContactConstraintManager.h">
      <Filter>头文件\JoltPhysics</Filter>
    </ClInclude>
    <ClInclude Include="SDKs\JoltPhysics\Jolt\Physics\Constraints\DistanceConstraint.h">
      <Filter>头文件\JoltPhysics</Filter>
    </ClInclude>
    <ClInclude Include="SDKs\JoltPhysics\Jolt\Physics\Constraints\FixedConstraint.h">
      <Filter>头文件\JoltPhysics</Filter>
    </ClInclude>
    <ClInclude Include="SDKs\JoltPhysics\Jolt\Physics\Constraints\GearConstraint.h">
      <Filter>头文件\JoltPhysics</Filter>
    </ClInclude>
    <ClInclude Include="SDKs\JoltPhysics\Jolt\Physics\Constraints\HingeConstraint.h">
      <Filter>头文件\JoltPhysics</Filter>
    </ClInclude>
    <ClInclude Include="SDKs\JoltPhysics\Jolt\Physics\Constraints\MotorSettings.h">
      <Filter>头文件\JoltPhysics</Filter>
    </ClInclude>
    <ClInclude Include="SDKs\JoltPhysics\Jolt\Physics\Constraints\PathConstraint.h">
      <Filter>头文件\JoltPhysics</Filter>
    </ClInclude>
    <ClInclude Include="SDKs\JoltPhysics\Jolt\Physics\Constraints\PathConstraintPath.h">
      <Filter>头文件\JoltPhysics</Filter>
    </ClInclude>
    <ClInclude Include="SDKs\JoltPhysics\Jolt\Physics\Constraints\PathConstraintPathHermite.h">
      <Filter>头文件\JoltPhysics</Filter>
    </ClInclude>
    <ClInclude Include="SDKs\JoltPhysics\Jolt\Physics\Constraints\PointConstraint.h">
      <Filter>头文件\JoltPhysics</Filter>
    </ClInclude>
    <ClInclude Include="SDKs\JoltPhysics\Jolt\Physics\Constraints\PulleyConstraint.h">
      <Filter>头文件\JoltPhysics</Filter>
    </ClInclude>
    <ClInclude Include="SDKs\JoltPhysics\Jolt\Physics\Constraints\RackAndPinionConstraint.h">
      <Filter>头文件\JoltPhysics</Filter>
    </ClInclude>
    <ClInclude Include="SDKs\JoltPhysics\Jolt\Physics\Constraints\SixDOFConstraint.h">
      <Filter>头文件\JoltPhysics</Filter>
    </ClInclude>
    <ClInclude Include="SDKs\JoltPhysics\Jolt\Physics\Constraints\SliderConstraint.h">
      <Filter>头文件\JoltPhysics</Filter>
    </ClInclude>
    <ClInclude Include="SDKs\JoltPhysics\Jolt\Physics\Constraints\SpringSettings.h">
      <Filter>头文件\JoltPhysics</Filter>
    </ClInclude>
    <ClInclude Include="SDKs\JoltPhysics\Jolt\Physics\Constraints\SwingTwistConstraint.h">
      <Filter>头文件\JoltPhysics</Filter>
    </ClInclude>
    <ClInclude Include="SDKs\JoltPhysics\Jolt\Physics\Constraints\TwoBodyConstraint.h">
      <Filter>头文件\JoltPhysics</Filter>
    </ClInclude>
    <ClInclude Include="SDKs\JoltPhysics\Jolt\Physics\DeterminismLog.h">
      <Filter>头文件\JoltPhysics</Filter>
    </ClInclude>
    <ClInclude Include="SDKs\JoltPhysics\Jolt\Physics\EActivation.h">
      <Filter>头文件\JoltPhysics</Filter>
    </ClInclude>
    <ClInclude Include="SDKs\JoltPhysics\Jolt\Physics\EPhysicsUpdateError.h">
      <Filter>头文件\JoltPhysics</Filter>
    </ClInclude>
    <ClInclude Include="SDKs\JoltPhysics\Jolt\Physics\IslandBuilder.h">
      <Filter>头文件\JoltPhysics</Filter>
    </ClInclude>
    <ClInclude Include="SDKs\JoltPhysics\Jolt\Physics\LargeIslandSplitter.h">
      <Filter>头文件\JoltPhysics</Filter>
    </ClInclude>
    <ClInclude Include="SDKs\JoltPhysics\Jolt\Physics\PhysicsLock.h">
      <Filter>头文件\JoltPhysics</Filter>
    </ClInclude>
    <ClInclude Include="SDKs\JoltPhysics\Jolt\Physics\PhysicsScene.h">
      <Filter>头文件\JoltPhysics</Filter>
    </ClInclude>
    <ClInclude Include="SDKs\JoltPhysics\Jolt\Physics\PhysicsSettings.h">
      <Filter>头文件\JoltPhysics</Filter>
    </ClInclude>
    <ClInclude Include="SDKs\JoltPhysics\Jolt\Physics\PhysicsStepListener.h">
      <Filter>头文件\JoltPhysics</Filter>
    </ClInclude>
    <ClInclude Include="SDKs\JoltPhysics\Jolt\Physics\PhysicsSystem.h">
      <Filter>头文件\JoltPhysics</Filter>
    </ClInclude>
    <ClInclude Include="SDKs\JoltPhysics\Jolt\Physics\PhysicsUpdateContext.h">
      <Filter>头文件\JoltPhysics</Filter>
    </ClInclude>
    <ClInclude Include="SDKs\JoltPhysics\Jolt\Physics\Ragdoll\Ragdoll.h">
      <Filter>头文件\JoltPhysics</Filter>
    </ClInclude>
    <ClInclude Include="SDKs\JoltPhysics\Jolt\Physics\SoftBody\SoftBodyContactListener.h">
      <Filter>头文件\JoltPhysics</Filter>
    </ClInclude>
    <ClInclude Include="SDKs\JoltPhysics\Jolt\Physics\SoftBody\SoftBodyCreationSettings.h">
      <Filter>头文件\JoltPhysics</Filter>
    </ClInclude>
    <ClInclude Include="SDKs\JoltPhysics\Jolt\Physics\SoftBody\SoftBodyManifold.h">
      <Filter>头文件\JoltPhysics</Filter>
    </ClInclude>
    <ClInclude Include="SDKs\JoltPhysics\Jolt\Physics\SoftBody\SoftBodyMotionProperties.h">
      <Filter>头文件\JoltPhysics</Filter>
    </ClInclude>
    <ClInclude Include="SDKs\JoltPhysics\Jolt\Physics\SoftBody\SoftBodyShape.h">
      <Filter>头文件\JoltPhysics</Filter>
    </ClInclude>
    <ClInclude Include="SDKs\JoltPhysics\Jolt\Physics\SoftBody\SoftBodySharedSettings.h">
      <Filter>头文件\JoltPhysics</Filter>
    </ClInclude>
    <ClInclude Include="SDKs\JoltPhysics\Jolt\Physics\SoftBody\SoftBodyUpdateContext.h">
      <Filter>头文件\JoltPhysics</Filter>
    </ClInclude>
    <ClInclude Include="SDKs\JoltPhysics\Jolt\Physics\SoftBody\SoftBodyVertex.h">
      <Filter>头文件\JoltPhysics</Filter>
    </ClInclude>
    <ClInclude Include="SDKs\JoltPhysics\Jolt\Physics\StateRecorder.h">
      <Filter>头文件\JoltPhysics</Filter>
    </ClInclude>
    <ClInclude Include="SDKs\JoltPhysics\Jolt\Physics\StateRecorderImpl.h">
      <Filter>头文件\JoltPhysics</Filter>
    </ClInclude>
    <ClInclude Include="SDKs\JoltPhysics\Jolt\Physics\Vehicle\MotorcycleController.h">
      <Filter>头文件\JoltPhysics</Filter>
    </ClInclude>
    <ClInclude Include="SDKs\JoltPhysics\Jolt\Physics\Vehicle\TrackedVehicleController.h">
      <Filter>头文件\JoltPhysics</Filter>
    </ClInclude>
    <ClInclude Include="SDKs\JoltPhysics\Jolt\Physics\Vehicle\VehicleAntiRollBar.h">
      <Filter>头文件\JoltPhysics</Filter>
    </ClInclude>
    <ClInclude Include="SDKs\JoltPhysics\Jolt\Physics\Vehicle\VehicleCollisionTester.h">
      <Filter>头文件\JoltPhysics</Filter>
    </ClInclude>
    <ClInclude Include="SDKs\JoltPhysics\Jolt\Physics\Vehicle\VehicleConstraint.h">
      <Filter>头文件\JoltPhysics</Filter>
    </ClInclude>
    <ClInclude Include="SDKs\JoltPhysics\Jolt\Physics\Vehicle\VehicleController.h">
      <Filter>头文件\JoltPhysics</Filter>
    </ClInclude>
    <ClInclude Include="SDKs\JoltPhysics\Jolt\Physics\Vehicle\VehicleDifferential.h">
      <Filter>头文件\JoltPhysics</Filter>
    </ClInclude>
    <ClInclude Include="SDKs\JoltPhysics\Jolt\Physics\Vehicle\VehicleEngine.h">
      <Filter>头文件\JoltPhysics</Filter>
    </ClInclude>
    <ClInclude Include="SDKs\JoltPhysics\Jolt\Physics\Vehicle\VehicleTrack.h">
      <Filter>头文件\JoltPhysics</Filter>
    </ClInclude>
    <ClInclude Include="SDKs\JoltPhysics\Jolt\Physics\Vehicle\VehicleTransmission.h">
      <Filter>头文件\JoltPhysics</Filter>
    </ClInclude>
    <ClInclude Include="SDKs\JoltPhysics\Jolt\Physics\Vehicle\Wheel.h">
      <Filter>头文件\JoltPhysics</Filter>
    </ClInclude>
    <ClInclude Include="SDKs\JoltPhysics\Jolt\Physics\Vehicle\WheeledVehicleController.h">
      <Filter>头文件\JoltPhysics</Filter>
    </ClInclude>
    <ClInclude Include="SDKs\JoltPhysics\Jolt\Renderer\DebugRenderer.h">
      <Filter>头文件\JoltPhysics</Filter>
    </ClInclude>
    <ClInclude Include="SDKs\JoltPhysics\Jolt\Renderer\DebugRendererPlayback.h">
      <Filter>头文件\JoltPhysics</Filter>
    </ClInclude>
    <ClInclude Include="SDKs\JoltPhysics\Jolt\Renderer\DebugRendererRecorder.h">
      <Filter>头文件\JoltPhysics</Filter>
    </ClInclude>
    <ClInclude Include="SDKs\JoltPhysics\Jolt\Renderer\DebugRendererSimple.h">
      <Filter>头文件\JoltPhysics</Filter>
    </ClInclude>
    <ClInclude Include="SDKs\JoltPhysics\Jolt\Skeleton\SkeletalAnimation.h">
      <Filter>头文件\JoltPhysics</Filter>
    </ClInclude>
    <ClInclude Include="SDKs\JoltPhysics\Jolt\Skeleton\Skeleton.h">
      <Filter>头文件\JoltPhysics</Filter>
    </ClInclude>
    <ClInclude Include="SDKs\JoltPhysics\Jolt\Skeleton\SkeletonMapper.h">
      <Filter>头文件\JoltPhysics</Filter>
    </ClInclude>
    <ClInclude Include="SDKs\JoltPhysics\Jolt\Skeleton\SkeletonPose.h">
      <Filter>头文件\JoltPhysics</Filter>
    </ClInclude>
    <ClInclude Include="SDKs\JoltPhysics\Jolt\TriangleGrouper\TriangleGrouper.h">
      <Filter>头文件\JoltPhysics</Filter>
    </ClInclude>
    <ClInclude Include="SDKs\JoltPhysics\Jolt\TriangleGrouper\TriangleGrouperClosestCentroid.h">
      <Filter>头文件\JoltPhysics</Filter>
    </ClInclude>
    <ClInclude Include="SDKs\JoltPhysics\Jolt\TriangleGrouper\TriangleGrouperMorton.h">
      <Filter>头文件\JoltPhysics</Filter>
    </ClInclude>
    <ClInclude Include="SDKs\JoltPhysics\Jolt\TriangleSplitter\TriangleSplitter.h">
      <Filter>头文件\JoltPhysics</Filter>
    </ClInclude>
    <ClInclude Include="SDKs\JoltPhysics\Jolt\TriangleSplitter\TriangleSplitterBinning.h">
      <Filter>头文件\JoltPhysics</Filter>
    </ClInclude>
    <ClInclude Include="SDKs\JoltPhysics\Jolt\TriangleSplitter\TriangleSplitterFixedLeafSize.h">
      <Filter>头文件\JoltPhysics</Filter>
    </ClInclude>
    <ClInclude Include="SDKs\JoltPhysics\Jolt\TriangleSplitter\TriangleSplitterLongestAxis.h">
      <Filter>头文件\JoltPhysics</Filter>
    </ClInclude>
    <ClInclude Include="SDKs\JoltPhysics\Jolt\TriangleSplitter\TriangleSplitterMean.h">
      <Filter>头文件\JoltPhysics</Filter>
    </ClInclude>
    <ClInclude Include="SDKs\JoltPhysics\Jolt\TriangleSplitter\TriangleSplitterMorton.h">
      <Filter>头文件\JoltPhysics</Filter>
    </ClInclude>
    <ClInclude Include="SDKs\ImGuizmo\GraphEditor.h">
      <Filter>头文件\ImGuizmo</Filter>
    </ClInclude>
    <ClInclude Include="SDKs\ImGuizmo\ImCurveEdit.h">
      <Filter>头文件\ImGuizmo</Filter>
    </ClInclude>
    <ClInclude Include="SDKs\ImGuizmo\ImGradient.h">
      <Filter>头文件\ImGuizmo</Filter>
    </ClInclude>
    <ClInclude Include="SDKs\ImGuizmo\ImGuizmo.h">
      <Filter>头文件\ImGuizmo</Filter>
    </ClInclude>
    <ClInclude Include="SDKs\ImGuizmo\ImSequencer.h">
      <Filter>头文件\ImGuizmo</Filter>
    </ClInclude>
    <ClInclude Include="SDKs\ImGuizmo\ImZoomSlider.h">
      <Filter>头文件\ImGuizmo</Filter>
    </ClInclude>
    <ClInclude Include="Runtime\Utils\Gizmos.hpp">
      <Filter>源文件\Utils</Filter>
    </ClInclude>
    <ClInclude Include="Runtime\Renderer\GraphicRenderer\Utils\ModelObserver.hpp">
      <Filter>源文件\Renderer\GraphicRenderer\Utils</Filter>
    </ClInclude>
    <ClInclude Include="Runtime\ECS\Utils\ObjectObserver.hpp">
      <Filter>源文件\ECS\Utils</Filter>
    </ClInclude>
    <ClInclude Include="Runtime\Spore\Spore.hpp">
      <Filter>源文件\Spore</Filter>
    </ClInclude>
    <ClInclude Include="Runtime\Spore\Utils\GraphicRenderer.hpp">
      <Filter>源文件\Spore\Utils</Filter>
    </ClInclude>
    <ClInclude Include="Runtime\Spore\Utils\AudioRenderer.hpp">
      <Filter>源文件\Spore\Utils</Filter>
    </ClInclude>
    <ClInclude Include="Runtime\ECS\Component\LightComponent.hpp">
      <Filter>源文件\ECS\Component</Filter>
    </ClInclude>
    <ClInclude Include="Runtime\ECS\Component\ModelComponent.hpp">
      <Filter>源文件\ECS\Component</Filter>
    </ClInclude>
    <ClInclude Include="Runtime\Core\Serializer\JsonValue.hpp">
      <Filter>源文件\Core\Serializer</Filter>
    </ClInclude>
    <ClInclude Include="Runtime\Renderer\GraphicRenderer\Utils\BasicModelsRegister.hpp">
      <Filter>源文件\Renderer\GraphicRenderer\Utils</Filter>
    </ClInclude>
    <ClInclude Include="Runtime\Renderer\GraphicRenderer\Utils\BasicShadersRegister.hpp">
      <Filter>源文件\Renderer\GraphicRenderer\Utils</Filter>
    </ClInclude>
    <ClInclude Include="Runtime\Sandbox\BKShader.hpp">
      <Filter>源文件\Sandbox</Filter>
    </ClInclude>
    <ClInclude Include="Runtime\Sandbox\BKTexture.hpp">
      <Filter>源文件\Sandbox</Filter>
    </ClInclude>
    <ClInclude Include="Runtime\Sandbox\BKGame.hpp">
      <Filter>源文件\Sandbox</Filter>
    </ClInclude>
    <ClInclude Include="Runtime\Sandbox\BKResourceManager.hpp">
      <Filter>源文件\Sandbox</Filter>
    </ClInclude>
    <ClInclude Include="Runtime\Sandbox\BKSpriteRenderer.hpp">
      <Filter>源文件\Sandbox</Filter>
    </ClInclude>
    <ClInclude Include="Runtime\Sandbox\BKGameObject.hpp">
      <Filter>源文件\Sandbox</Filter>
    </ClInclude>
    <ClInclude Include="Runtime\Sandbox\BKGameLevel.hpp">
      <Filter>源文件\Sandbox</Filter>
    </ClInclude>
    <ClInclude Include="Runtime\Sandbox\BKBallObject.hpp">
      <Filter>源文件\Sandbox</Filter>
    </ClInclude>
    <ClInclude Include="Runtime\Sandbox\BrickOut\BrickOutGame.hpp">
      <Filter>源文件\Sandbox\BrickOut</Filter>
    </ClInclude>
    <ClInclude Include="Runtime\Sandbox\BrickOut\BrickOutTexture.hpp">
      <Filter>源文件\Sandbox\BrickOut</Filter>
    </ClInclude>
    <ClInclude Include="Runtime\Sandbox\BrickOut\BrickOutShader.hpp">
      <Filter>源文件\Sandbox\BrickOut</Filter>
    </ClInclude>
    <ClInclude Include="Runtime\ECS\Component\CameraComponent.hpp">
      <Filter>源文件\ECS\Component</Filter>
    </ClInclude>
    <ClInclude Include="Runtime\Renderer\GraphicRenderer\Utils\ModelType.hpp">
      <Filter>源文件\Renderer\GraphicRenderer\Utils</Filter>
    </ClInclude>
    <ClInclude Include="Runtime\ECS\Component\CharacterControllerComponent.hpp">
      <Filter>源文件\ECS\Component</Filter>
    </ClInclude>
    <ClInclude Include="Runtime\Input\Utils\KeyboardKeys.h">
      <Filter>源文件\Input\Utils</Filter>
    </ClInclude>
    <ClInclude Include="Runtime\Renderer\GraphicRenderer\Utils\BasicTexturesRegister.hpp">
      <Filter>源文件\Renderer\GraphicRenderer\Utils</Filter>
    </ClInclude>
    <ClInclude Include="Runtime\Utils\SpdlogImguiSinks.h">
      <Filter>源文件\Utils</Filter>
    </ClInclude>
    <ClInclude Include="Runtime\Utils\ConsoleLogger.hpp">
      <Filter>源文件\Utils</Filter>
    </ClInclude>
    <ClInclude Include="Runtime\Scripts\ScriptEngine.hpp">
      <Filter>源文件\Scripts</Filter>
    </ClInclude>
  </ItemGroup>
  <ItemGroup>
    <None Include="Assets\Shaders\BackgroundFragment.glsl">
      <Filter>资源文件\Assets\Shaders</Filter>
    </None>
    <None Include="Assets\Shaders\BackgroundVertex.glsl">
      <Filter>资源文件\Assets\Shaders</Filter>
    </None>
    <None Include="Assets\Shaders\BlendingFragment.glsl">
      <Filter>资源文件\Assets\Shaders</Filter>
    </None>
    <None Include="Assets\Shaders\BlendingVertex.glsl">
      <Filter>资源文件\Assets\Shaders</Filter>
    </None>
    <None Include="Assets\Shaders\CubemapVertex.glsl">
      <Filter>资源文件\Assets\Shaders</Filter>
    </None>
    <None Include="Assets\Shaders\DebugQuadFragment.glsl">
      <Filter>资源文件\Assets\Shaders</Filter>
    </None>
    <None Include="Assets\Shaders\DebugQuadVertex.glsl">
      <Filter>资源文件\Assets\Shaders</Filter>
    </None>
    <None Include="Assets\Shaders\DeferredLightBoxFragment.glsl">
      <Filter>资源文件\Assets\Shaders</Filter>
    </None>
    <None Include="Assets\Shaders\DeferredLightBoxVertex.glsl">
      <Filter>资源文件\Assets\Shaders</Filter>
    </None>
    <None Include="Assets\Shaders\DeferredShadingFragment.glsl">
      <Filter>资源文件\Assets\Shaders</Filter>
    </None>
    <None Include="Assets\Shaders\DeferredShadingVertex.glsl">
      <Filter>资源文件\Assets\Shaders</Filter>
    </None>
    <None Include="Assets\Shaders\DepthFragment.glsl">
      <Filter>资源文件\Assets\Shaders</Filter>
    </None>
    <None Include="Assets\Shaders\DepthVertex.glsl">
      <Filter>资源文件\Assets\Shaders</Filter>
    </None>
    <None Include="Assets\Shaders\EquirectangularToCubemapFragment.glsl">
      <Filter>资源文件\Assets\Shaders</Filter>
    </None>
    <None Include="Assets\Shaders\FrameBuffersFragment.glsl">
      <Filter>资源文件\Assets\Shaders</Filter>
    </None>
    <None Include="Assets\Shaders\FrameBuffersScreenFragment.glsl">
      <Filter>资源文件\Assets\Shaders</Filter>
    </None>
    <None Include="Assets\Shaders\FrameBuffersScreenVertex.glsl">
      <Filter>资源文件\Assets\Shaders</Filter>
    </None>
    <None Include="Assets\Shaders\FrameBuffersVertex.glsl">
      <Filter>资源文件\Assets\Shaders</Filter>
    </None>
    <None Include="Assets\Shaders\GBufferFragment.glsl">
      <Filter>资源文件\Assets\Shaders</Filter>
    </None>
    <None Include="Assets\Shaders\GBufferVertex.glsl">
      <Filter>资源文件\Assets\Shaders</Filter>
    </None>
    <None Include="Assets\Shaders\HDRFragment.glsl">
      <Filter>资源文件\Assets\Shaders</Filter>
    </None>
    <None Include="Assets\Shaders\HDRVertex.glsl">
      <Filter>资源文件\Assets\Shaders</Filter>
    </None>
    <None Include="Assets\Shaders\IrradianceConvolutionFragment.glsl">
      <Filter>资源文件\Assets\Shaders</Filter>
    </None>
    <None Include="Assets\Shaders\LightCubeFragment.glsl">
      <Filter>资源文件\Assets\Shaders</Filter>
    </None>
    <None Include="Assets\Shaders\LightCubeVertex.glsl">
      <Filter>资源文件\Assets\Shaders</Filter>
    </None>
    <None Include="Assets\Shaders\LightingFragment.glsl">
      <Filter>资源文件\Assets\Shaders</Filter>
    </None>
    <None Include="Assets\Shaders\LightingVertex.glsl">
      <Filter>资源文件\Assets\Shaders</Filter>
    </None>
    <None Include="Assets\Shaders\ModelLoadingFragment.glsl">
      <Filter>资源文件\Assets\Shaders</Filter>
    </None>
    <None Include="Assets\Shaders\ModelLoadingVertex.glsl">
      <Filter>资源文件\Assets\Shaders</Filter>
    </None>
    <None Include="Assets\Shaders\MultipleLightsFragment.glsl">
      <Filter>资源文件\Assets\Shaders</Filter>
    </None>
    <None Include="Assets\Shaders\MultipleLightsVertex.glsl">
      <Filter>资源文件\Assets\Shaders</Filter>
    </None>
    <None Include="Assets\Shaders\NormalMappingFragment.glsl">
      <Filter>资源文件\Assets\Shaders</Filter>
    </None>
    <None Include="Assets\Shaders\NormalMappingVertex.glsl">
      <Filter>资源文件\Assets\Shaders</Filter>
    </None>
    <None Include="Assets\Shaders\ParallaxMappingFragment.glsl">
      <Filter>资源文件\Assets\Shaders</Filter>
    </None>
    <None Include="Assets\Shaders\ParallaxMappingVertex.glsl">
      <Filter>资源文件\Assets\Shaders</Filter>
    </None>
    <None Include="Assets\Shaders\PbrFragment.glsl">
      <Filter>资源文件\Assets\Shaders</Filter>
    </None>
    <None Include="Assets\Shaders\PbrVertex.glsl">
      <Filter>资源文件\Assets\Shaders</Filter>
    </None>
    <None Include="Assets\Shaders\PointShadowsDepthFragment.glsl">
      <Filter>资源文件\Assets\Shaders</Filter>
    </None>
    <None Include="Assets\Shaders\PointShadowsDepthGeometry.glsl">
      <Filter>资源文件\Assets\Shaders</Filter>
    </None>
    <None Include="Assets\Shaders\PointShadowsDepthVertex.glsl">
      <Filter>资源文件\Assets\Shaders</Filter>
    </None>
    <None Include="Assets\Shaders\PointShadowsFragment.glsl">
      <Filter>资源文件\Assets\Shaders</Filter>
    </None>
    <None Include="Assets\Shaders\PointShadowsVertex.glsl">
      <Filter>资源文件\Assets\Shaders</Filter>
    </None>
    <None Include="Assets\Shaders\ShadowMappingDepthFragment.glsl">
      <Filter>资源文件\Assets\Shaders</Filter>
    </None>
    <None Include="Assets\Shaders\ShadowMappingDepthVertex.glsl">
      <Filter>资源文件\Assets\Shaders</Filter>
    </None>
    <None Include="Assets\Shaders\ShadowMappingFragment.glsl">
      <Filter>资源文件\Assets\Shaders</Filter>
    </None>
    <None Include="Assets\Shaders\ShadowMappingVertex.glsl">
      <Filter>资源文件\Assets\Shaders</Filter>
    </None>
    <None Include="Assets\Shaders\SkyboxFragment.glsl">
      <Filter>资源文件\Assets\Shaders</Filter>
    </None>
    <None Include="Assets\Shaders\SkyboxVertex.glsl">
      <Filter>资源文件\Assets\Shaders</Filter>
    </None>
    <None Include="Assets\Shaders\SSAOBlurFragment.glsl">
      <Filter>资源文件\Assets\Shaders</Filter>
    </None>
    <None Include="Assets\Shaders\SSAOFragment.glsl">
      <Filter>资源文件\Assets\Shaders</Filter>
    </None>
    <None Include="Assets\Shaders\SSAOGeometryFragment.glsl">
      <Filter>资源文件\Assets\Shaders</Filter>
    </None>
    <None Include="Assets\Shaders\SSAOGeometryVertex.glsl">
      <Filter>资源文件\Assets\Shaders</Filter>
    </None>
    <None Include="Assets\Shaders\SSAOLightingFragment.glsl">
      <Filter>资源文件\Assets\Shaders</Filter>
    </None>
    <None Include="Assets\Shaders\SSAOVertex.glsl">
      <Filter>资源文件\Assets\Shaders</Filter>
    </None>
    <None Include="Assets\Shaders\StencilFragment.glsl">
      <Filter>资源文件\Assets\Shaders</Filter>
    </None>
    <None Include="Assets\Shaders\StencilSingleColorFragment.glsl">
      <Filter>资源文件\Assets\Shaders</Filter>
    </None>
    <None Include="Assets\Shaders\StencilVertex.glsl">
      <Filter>资源文件\Assets\Shaders</Filter>
    </None>
    <None Include="Assets\Shaders\GridVertex.glsl">
      <Filter>资源文件\Assets\Shaders</Filter>
    </None>
    <None Include="Assets\Shaders\GridFragment.glsl">
      <Filter>资源文件\Assets\Shaders</Filter>
    </None>
    <None Include="Assets\Shaders\PostProcesses\InversionPostProcessFS.glsl">
      <Filter>资源文件\Assets\Shaders\PostProcesses</Filter>
    </None>
    <None Include="Assets\Shaders\PostProcesses\DefaultPostProcessFS.glsl">
      <Filter>资源文件\Assets\Shaders\PostProcesses</Filter>
    </None>
    <None Include="Assets\Shaders\PostProcesses\GrayscalePostProcessFS.glsl">
      <Filter>资源文件\Assets\Shaders\PostProcesses</Filter>
    </None>
    <None Include="Assets\Shaders\PostProcesses\SharpenPostProcessFS.glsl">
      <Filter>资源文件\Assets\Shaders\PostProcesses</Filter>
    </None>
    <None Include="Assets\Shaders\PostProcesses\BlurPostProcessFS.glsl">
      <Filter>资源文件\Assets\Shaders\PostProcesses</Filter>
    </None>
    <None Include="Assets\Shaders\PostProcesses\EdgeDetectionPostProcessFS.glsl">
      <Filter>资源文件\Assets\Shaders\PostProcesses</Filter>
    </None>
    <None Include="SDKs\imgui\misc\debuggers\imgui.natstepfilter">
      <Filter>头文件\imgui</Filter>
    </None>
    <None Include="SDKs\JoltPhysics\Jolt\Jolt.cmake">
      <Filter>头文件\JoltPhysics</Filter>
    </None>
    <None Include="SDKs\JoltPhysics\Jolt\Core\FixedSizeFreeList.inl">
      <Filter>头文件\JoltPhysics</Filter>
    </None>
    <None Include="SDKs\JoltPhysics\Jolt\Core\JobSystem.inl">
      <Filter>头文件\JoltPhysics</Filter>
    </None>
    <None Include="SDKs\JoltPhysics\Jolt\Core\LockFreeHashMap.inl">
      <Filter>头文件\JoltPhysics</Filter>
    </None>
    <None Include="SDKs\JoltPhysics\Jolt\Core\Profiler.inl">
      <Filter>头文件\JoltPhysics</Filter>
    </None>
    <None Include="SDKs\JoltPhysics\Jolt\Math\DMat44.inl">
      <Filter>头文件\JoltPhysics</Filter>
    </None>
    <None Include="SDKs\JoltPhysics\Jolt\Math\DVec3.inl">
      <Filter>头文件\JoltPhysics</Filter>
    </None>
    <None Include="SDKs\JoltPhysics\Jolt\Math\Mat44.inl">
      <Filter>头文件\JoltPhysics</Filter>
    </None>
    <None Include="SDKs\JoltPhysics\Jolt\Math\Quat.inl">
      <Filter>头文件\JoltPhysics</Filter>
    </None>
    <None Include="SDKs\JoltPhysics\Jolt\Math\UVec4.inl">
      <Filter>头文件\JoltPhysics</Filter>
    </None>
    <None Include="SDKs\JoltPhysics\Jolt\Math\UVec8.inl">
      <Filter>头文件\JoltPhysics</Filter>
    </None>
    <None Include="SDKs\JoltPhysics\Jolt\Math\Vec3.inl">
      <Filter>头文件\JoltPhysics</Filter>
    </None>
    <None Include="SDKs\JoltPhysics\Jolt\Math\Vec4.inl">
      <Filter>头文件\JoltPhysics</Filter>
    </None>
    <None Include="SDKs\JoltPhysics\Jolt\Math\Vec8.inl">
      <Filter>头文件\JoltPhysics</Filter>
    </None>
    <None Include="SDKs\JoltPhysics\Jolt\Physics\Body\Body.inl">
      <Filter>头文件\JoltPhysics</Filter>
    </None>
    <None Include="SDKs\JoltPhysics\Jolt\Physics\Body\MotionProperties.inl">
      <Filter>头文件\JoltPhysics</Filter>
    </None>
  </ItemGroup>
  <ItemGroup>
    <Natvis Include="SDKs\imgui\misc\debuggers\imgui.natvis">
      <Filter>头文件\imgui</Filter>
    </Natvis>
    <Natvis Include="SDKs\JoltPhysics\Jolt\Jolt.natvis">
      <Filter>头文件\JoltPhysics</Filter>
    </Natvis>
  </ItemGroup>
</Project>