
Microsoft Visual Studio Solution File, Format Version 12.00
# Visual Studio Version 17
VisualStudioVersion = 17.1.32328.378
MinimumVisualStudioVersion = 10.0.40219.1
Project("{9A19103F-16F7-4668-BE54-9A1E7A4F7556}") = "Spore", "Spore.csproj", "{5FE2AB88-29BB-4F18-87CE-A1D0F20CAB50}"
EndProject
Global
	GlobalSection(SolutionConfigurationPlatforms) = preSolution
		Debug|Any CPU = Debug|Any CPU
		Release|Any CPU = Release|Any CPU
	EndGlobalSection
	GlobalSection(ProjectConfigurationPlatforms) = postSolution
		{5FE2AB88-29BB-4F18-87CE-A1D0F20CAB50}.Debug|Any CPU.ActiveCfg = Debug|Any CPU
		{5FE2AB88-29BB-4F18-87CE-A1D0F20CAB50}.Debug|Any CPU.Build.0 = Debug|Any CPU
		{5FE2AB88-29BB-4F18-87CE-A1D0F20CAB50}.Release|Any CPU.ActiveCfg = Release|Any CPU
		{5FE2AB88-29BB-4F18-87CE-A1D0F20CAB50}.Release|Any CPU.Build.0 = Release|Any CPU
	EndGlobalSection
	GlobalSection(SolutionProperties) = preSolution
		HideSolutionNode = FALSE
	EndGlobalSection
	GlobalSection(ExtensibilityGlobals) = postSolution
		SolutionGuid = {809DBC1D-F740-4752-9049-1DF4C0DA0274}
	EndGlobalSection
EndGlobal
